// !$*UTF8*$!
{
	archiveVersion = 1;
	classes = {
	};
	objectVersion = 46;
	objects = {

/* Begin PBXBuildFile section */
		723044931D3E58AF00982952 /* nextId.swift in Sources */ = {isa = PBXBuildFile; fileRef = 724DF72E1D2D5A1C0024AB3C /* nextId.swift */; };
		723044951D3E58AF00982952 /* RxSwift.framework in Frameworks */ = {isa = PBXBuildFile; fileRef = 72B336081D2C05990002FB39 /* RxSwift.framework */; };
		723044A61D3E66B300982952 /* RxSwift.framework in Frameworks */ = {isa = PBXBuildFile; fileRef = 72F970741D39370A0020F65C /* RxSwift.framework */; };
		723044AE1D3E66CF00982952 /* Bridge.swift in Sources */ = {isa = PBXBuildFile; fileRef = 723044881D3E588700982952 /* Bridge.swift */; };
		723044AF1D3E66DE00982952 /* Bridge.swift in Sources */ = {isa = PBXBuildFile; fileRef = 723044881D3E588700982952 /* Bridge.swift */; };
		723044B01D3E66DE00982952 /* nextId.swift in Sources */ = {isa = PBXBuildFile; fileRef = 724DF72E1D2D5A1C0024AB3C /* nextId.swift */; };
		723044B81D3E714300982952 /* nextId.swift in Sources */ = {isa = PBXBuildFile; fileRef = 724DF72E1D2D5A1C0024AB3C /* nextId.swift */; };
		723044BA1D3E714300982952 /* RxSwift.framework in Frameworks */ = {isa = PBXBuildFile; fileRef = 729F25BA1D3A05E600D835B6 /* RxSwift.framework */; };
		723044C21D3E716600982952 /* Bridge.swift in Sources */ = {isa = PBXBuildFile; fileRef = 723044881D3E588700982952 /* Bridge.swift */; };
		723044C81D3E72CC00982952 /* nextId.swift in Sources */ = {isa = PBXBuildFile; fileRef = 724DF72E1D2D5A1C0024AB3C /* nextId.swift */; };
		723044CA1D3E72CC00982952 /* RxSwift.framework in Frameworks */ = {isa = PBXBuildFile; fileRef = 729F25B81D3A05D500D835B6 /* RxSwift.framework */; };
		723044D21D3E732400982952 /* Bridge.swift in Sources */ = {isa = PBXBuildFile; fileRef = 723044881D3E588700982952 /* Bridge.swift */; };
		723044D51D3E74AD00982952 /* StandardLocationService.swift in Sources */ = {isa = PBXBuildFile; fileRef = 723044D31D3E748600982952 /* StandardLocationService.swift */; };
		723044D61D3E777E00982952 /* StandardLocationService.swift in Sources */ = {isa = PBXBuildFile; fileRef = 723044D31D3E748600982952 /* StandardLocationService.swift */; };
		723044D71D3E79AE00982952 /* StandardLocationService.swift in Sources */ = {isa = PBXBuildFile; fileRef = 723044D31D3E748600982952 /* StandardLocationService.swift */; };
		723044D81D3E79B300982952 /* StandardLocationService.swift in Sources */ = {isa = PBXBuildFile; fileRef = 723044D31D3E748600982952 /* StandardLocationService.swift */; };
		723044DA1D3E81DF00982952 /* SignificantLocationUpdateService.swift in Sources */ = {isa = PBXBuildFile; fileRef = 723044D91D3E81DF00982952 /* SignificantLocationUpdateService.swift */; };
		723044DB1D3E81DF00982952 /* SignificantLocationUpdateService.swift in Sources */ = {isa = PBXBuildFile; fileRef = 723044D91D3E81DF00982952 /* SignificantLocationUpdateService.swift */; };
		723044DC1D3E81DF00982952 /* SignificantLocationUpdateService.swift in Sources */ = {isa = PBXBuildFile; fileRef = 723044D91D3E81DF00982952 /* SignificantLocationUpdateService.swift */; };
		723044DD1D3E81DF00982952 /* SignificantLocationUpdateService.swift in Sources */ = {isa = PBXBuildFile; fileRef = 723044D91D3E81DF00982952 /* SignificantLocationUpdateService.swift */; };
		723044DF1D3E8ACB00982952 /* RegionMonitoringService.swift in Sources */ = {isa = PBXBuildFile; fileRef = 723044DE1D3E8ACB00982952 /* RegionMonitoringService.swift */; };
		723044E01D3E8ACB00982952 /* RegionMonitoringService.swift in Sources */ = {isa = PBXBuildFile; fileRef = 723044DE1D3E8ACB00982952 /* RegionMonitoringService.swift */; };
		723044E11D3E8ACB00982952 /* RegionMonitoringService.swift in Sources */ = {isa = PBXBuildFile; fileRef = 723044DE1D3E8ACB00982952 /* RegionMonitoringService.swift */; };
		723044E21D3E8ACB00982952 /* RegionMonitoringService.swift in Sources */ = {isa = PBXBuildFile; fileRef = 723044DE1D3E8ACB00982952 /* RegionMonitoringService.swift */; };
		724DF72F1D2D5A1C0024AB3C /* nextId.swift in Sources */ = {isa = PBXBuildFile; fileRef = 724DF72E1D2D5A1C0024AB3C /* nextId.swift */; };
		729F25AB1D3A05B400D835B6 /* Bridge.swift in Sources */ = {isa = PBXBuildFile; fileRef = 729F257A1D39FDF800D835B6 /* Bridge.swift */; };
		729F25AC1D3A05B400D835B6 /* RxLocationManager.swift in Sources */ = {isa = PBXBuildFile; fileRef = 729F257F1D39FDF800D835B6 /* RxLocationManager.swift */; };
		729F25AD1D3A05B400D835B6 /* StandardLocationService.swift in Sources */ = {isa = PBXBuildFile; fileRef = 729F25811D39FDF800D835B6 /* StandardLocationService.swift */; };
		729F25AE1D3A05B400D835B6 /* nextId.swift in Sources */ = {isa = PBXBuildFile; fileRef = 724DF72E1D2D5A1C0024AB3C /* nextId.swift */; };
		729F25B01D3A05C700D835B6 /* Bridge.swift in Sources */ = {isa = PBXBuildFile; fileRef = 729F25991D3A057800D835B6 /* Bridge.swift */; };
		729F25B41D3A05C700D835B6 /* RxLocationManager.swift in Sources */ = {isa = PBXBuildFile; fileRef = 729F259E1D3A057800D835B6 /* RxLocationManager.swift */; };
		729F25B61D3A05C700D835B6 /* StandardLocationService.swift in Sources */ = {isa = PBXBuildFile; fileRef = 729F25A01D3A057800D835B6 /* StandardLocationService.swift */; };
		729F25B71D3A05C700D835B6 /* nextId.swift in Sources */ = {isa = PBXBuildFile; fileRef = 724DF72E1D2D5A1C0024AB3C /* nextId.swift */; };
		729F25B91D3A05D500D835B6 /* RxSwift.framework in Frameworks */ = {isa = PBXBuildFile; fileRef = 729F25B81D3A05D500D835B6 /* RxSwift.framework */; };
		729F25BB1D3A05E600D835B6 /* RxSwift.framework in Frameworks */ = {isa = PBXBuildFile; fileRef = 729F25BA1D3A05E600D835B6 /* RxSwift.framework */; };
		72B336091D2C05990002FB39 /* RxSwift.framework in Frameworks */ = {isa = PBXBuildFile; fileRef = 72B336081D2C05990002FB39 /* RxSwift.framework */; };
		72EC74FC1D3A317C002AECE2 /* RxSwift.framework in Frameworks */ = {isa = PBXBuildFile; fileRef = 72EC74FB1D3A317C002AECE2 /* RxSwift.framework */; };
		72EC74FD1D3A375C002AECE2 /* RxLocationManager.framework in Frameworks */ = {isa = PBXBuildFile; fileRef = 72B335DF1D2BEE9E0002FB39 /* RxLocationManager.framework */; };
		72EC74FE1D3A375C002AECE2 /* RxLocationManager.framework in Embed Frameworks */ = {isa = PBXBuildFile; fileRef = 72B335DF1D2BEE9E0002FB39 /* RxLocationManager.framework */; settings = {ATTRIBUTES = (CodeSignOnCopy, RemoveHeadersOnCopy, ); }; };
		72EC75011D3A3767002AECE2 /* RxSwift.framework in Embed Frameworks */ = {isa = PBXBuildFile; fileRef = 72EC74FB1D3A317C002AECE2 /* RxSwift.framework */; settings = {ATTRIBUTES = (CodeSignOnCopy, RemoveHeadersOnCopy, ); }; };
		72EC75031D3A3773002AECE2 /* RxCocoa.framework in Frameworks */ = {isa = PBXBuildFile; fileRef = 72EC75021D3A3773002AECE2 /* RxCocoa.framework */; };
		72EC75041D3A3773002AECE2 /* RxCocoa.framework in Embed Frameworks */ = {isa = PBXBuildFile; fileRef = 72EC75021D3A3773002AECE2 /* RxCocoa.framework */; settings = {ATTRIBUTES = (CodeSignOnCopy, RemoveHeadersOnCopy, ); }; };
		72F9706A1D3936F50020F65C /* nextId.swift in Sources */ = {isa = PBXBuildFile; fileRef = 724DF72E1D2D5A1C0024AB3C /* nextId.swift */; };
		72F970751D39370A0020F65C /* RxSwift.framework in Frameworks */ = {isa = PBXBuildFile; fileRef = 72F970741D39370A0020F65C /* RxSwift.framework */; };
		72F9708C1D3946620020F65C /* BeaconRangingService.swift in Sources */ = {isa = PBXBuildFile; fileRef = 72F970791D3946450020F65C /* BeaconRangingService.swift */; };
		72F9708D1D3946620020F65C /* Bridge.swift in Sources */ = {isa = PBXBuildFile; fileRef = 72F9707A1D3946450020F65C /* Bridge.swift */; };
		72F9708E1D3946620020F65C /* HeadingUpdateService.swift in Sources */ = {isa = PBXBuildFile; fileRef = 72F9707B1D3946450020F65C /* HeadingUpdateService.swift */; };
		72F9708F1D3946620020F65C /* MonitoringVisitsService.swift in Sources */ = {isa = PBXBuildFile; fileRef = 72F9707D1D3946450020F65C /* MonitoringVisitsService.swift */; };
		72F970901D3946620020F65C /* RegionMonitoringService.swift in Sources */ = {isa = PBXBuildFile; fileRef = 72F9707E1D3946450020F65C /* RegionMonitoringService.swift */; };
		72F970921D3946620020F65C /* RxLocationManager.swift in Sources */ = {isa = PBXBuildFile; fileRef = 72F970801D3946450020F65C /* RxLocationManager.swift */; };
		72F970931D3946620020F65C /* SignificantLocationUpdateService.swift in Sources */ = {isa = PBXBuildFile; fileRef = 72F970811D3946450020F65C /* SignificantLocationUpdateService.swift */; };
		72F970941D3946620020F65C /* StandardLocationService.swift in Sources */ = {isa = PBXBuildFile; fileRef = 72F970821D3946450020F65C /* StandardLocationService.swift */; };
		72F970A81D394C5D0020F65C /* Bridge.swift in Sources */ = {isa = PBXBuildFile; fileRef = 72F970971D394A3A0020F65C /* Bridge.swift */; };
		72F970AB1D394C5D0020F65C /* RegionMonitoringService.swift in Sources */ = {isa = PBXBuildFile; fileRef = 72F9709B1D394A3A0020F65C /* RegionMonitoringService.swift */; };
		72F970AC1D394C5D0020F65C /* RxLocationManager.swift in Sources */ = {isa = PBXBuildFile; fileRef = 72F9709C1D394A3A0020F65C /* RxLocationManager.swift */; };
		72F970AD1D394C5D0020F65C /* SignificantLocationUpdateService.swift in Sources */ = {isa = PBXBuildFile; fileRef = 72F9709D1D394A3A0020F65C /* SignificantLocationUpdateService.swift */; };
		72F970AE1D394C5D0020F65C /* StandardLocationService.swift in Sources */ = {isa = PBXBuildFile; fileRef = 72F9709E1D394A3A0020F65C /* StandardLocationService.swift */; };
		72F970AF1D3951570020F65C /* AppDelegate.swift in Sources */ = {isa = PBXBuildFile; fileRef = 72FC158B1D3256650051FB39 /* AppDelegate.swift */; };
		72F970B01D3951570020F65C /* RootViewController.swift in Sources */ = {isa = PBXBuildFile; fileRef = 72FC158D1D3256650051FB39 /* RootViewController.swift */; };
		72F970B11D3951570020F65C /* StandardLocationServiceViewController.swift in Sources */ = {isa = PBXBuildFile; fileRef = 72FC15AC1D32A6650051FB39 /* StandardLocationServiceViewController.swift */; };
		72F970B21D3951570020F65C /* SignificantLocationUpdateViewController.swift in Sources */ = {isa = PBXBuildFile; fileRef = 723217051D3539A700F46CEC /* SignificantLocationUpdateViewController.swift */; };
		72F970B31D3951570020F65C /* HeadingUpdateServiceViewController.swift in Sources */ = {isa = PBXBuildFile; fileRef = 721AD1181D367F2000744B42 /* HeadingUpdateServiceViewController.swift */; };
		72F970B41D3951570020F65C /* RegionMonitoringServiceViewController.swift in Sources */ = {isa = PBXBuildFile; fileRef = 72F970571D378E2B0020F65C /* RegionMonitoringServiceViewController.swift */; };
		72F970B51D3951570020F65C /* MonitoredCircleRegionTableViewCell.swift in Sources */ = {isa = PBXBuildFile; fileRef = 72F970591D37B9A70020F65C /* MonitoredCircleRegionTableViewCell.swift */; };
		72F970B61D3951570020F65C /* VisitMonitoringViewController.swift in Sources */ = {isa = PBXBuildFile; fileRef = 72F9705B1D3913F90020F65C /* VisitMonitoringViewController.swift */; };
		72FC15911D3256650051FB39 /* Main.storyboard in Resources */ = {isa = PBXBuildFile; fileRef = 72FC158F1D3256650051FB39 /* Main.storyboard */; };
		72FC15931D3256650051FB39 /* Assets.xcassets in Resources */ = {isa = PBXBuildFile; fileRef = 72FC15921D3256650051FB39 /* Assets.xcassets */; };
		72FC15961D3256650051FB39 /* LaunchScreen.storyboard in Resources */ = {isa = PBXBuildFile; fileRef = 72FC15941D3256650051FB39 /* LaunchScreen.storyboard */; };
/* End PBXBuildFile section */

/* Begin PBXContainerItemProxy section */
		72F970B71D3951750020F65C /* PBXContainerItemProxy */ = {
			isa = PBXContainerItemProxy;
			containerPortal = 72B335D61D2BEE9E0002FB39 /* Project object */;
			proxyType = 1;
			remoteGlobalIDString = 72B335DE1D2BEE9E0002FB39;
			remoteInfo = "RxLocationManager iOS";
		};
/* End PBXContainerItemProxy section */

/* Begin PBXCopyFilesBuildPhase section */
		72EC74FF1D3A375D002AECE2 /* Embed Frameworks */ = {
			isa = PBXCopyFilesBuildPhase;
			buildActionMask = 12;
			dstPath = "";
			dstSubfolderSpec = 10;
			files = (
				72EC75041D3A3773002AECE2 /* RxCocoa.framework in Embed Frameworks */,
				72EC75011D3A3767002AECE2 /* RxSwift.framework in Embed Frameworks */,
				72EC74FE1D3A375C002AECE2 /* RxLocationManager.framework in Embed Frameworks */,
			);
			name = "Embed Frameworks";
			runOnlyForDeploymentPostprocessing = 0;
		};
/* End PBXCopyFilesBuildPhase section */

/* Begin PBXFileReference section */
		721AD1181D367F2000744B42 /* HeadingUpdateServiceViewController.swift */ = {isa = PBXFileReference; fileEncoding = 4; lastKnownFileType = sourcecode.swift; path = HeadingUpdateServiceViewController.swift; sourceTree = "<group>"; };
		723044881D3E588700982952 /* Bridge.swift */ = {isa = PBXFileReference; lastKnownFileType = sourcecode.swift; name = Bridge.swift; path = ccexperiment/Bridge.swift; sourceTree = "<group>"; };
		7230449B1D3E58AF00982952 /* RxLocationManager_iOS_CC.framework */ = {isa = PBXFileReference; explicitFileType = wrapper.framework; includeInIndex = 0; path = RxLocationManager_iOS_CC.framework; sourceTree = BUILT_PRODUCTS_DIR; };
		723044AC1D3E66B300982952 /* RxLocationManager_macOS_CC.framework */ = {isa = PBXFileReference; explicitFileType = wrapper.framework; includeInIndex = 0; path = RxLocationManager_macOS_CC.framework; sourceTree = BUILT_PRODUCTS_DIR; };
		723044B11D3E675D00982952 /* Info.plist */ = {isa = PBXFileReference; fileEncoding = 4; lastKnownFileType = text.plist.xml; name = Info.plist; path = ccexperiment/Info.plist; sourceTree = "<group>"; };
		723044C01D3E714300982952 /* RxLocationManager_watchOS_CC.framework */ = {isa = PBXFileReference; explicitFileType = wrapper.framework; includeInIndex = 0; path = RxLocationManager_watchOS_CC.framework; sourceTree = BUILT_PRODUCTS_DIR; };
		723044D01D3E72CC00982952 /* RxLocationManager_tvOS_CC.framework */ = {isa = PBXFileReference; explicitFileType = wrapper.framework; includeInIndex = 0; path = RxLocationManager_tvOS_CC.framework; sourceTree = BUILT_PRODUCTS_DIR; };
		723044D31D3E748600982952 /* StandardLocationService.swift */ = {isa = PBXFileReference; fileEncoding = 4; lastKnownFileType = sourcecode.swift; name = StandardLocationService.swift; path = ccexperiment/StandardLocationService.swift; sourceTree = "<group>"; };
		723044D91D3E81DF00982952 /* SignificantLocationUpdateService.swift */ = {isa = PBXFileReference; fileEncoding = 4; lastKnownFileType = sourcecode.swift; name = SignificantLocationUpdateService.swift; path = ccexperiment/SignificantLocationUpdateService.swift; sourceTree = "<group>"; };
		723044DE1D3E8ACB00982952 /* RegionMonitoringService.swift */ = {isa = PBXFileReference; fileEncoding = 4; lastKnownFileType = sourcecode.swift; name = RegionMonitoringService.swift; path = ccexperiment/RegionMonitoringService.swift; sourceTree = "<group>"; };
		723217051D3539A700F46CEC /* SignificantLocationUpdateViewController.swift */ = {isa = PBXFileReference; fileEncoding = 4; lastKnownFileType = sourcecode.swift; name = SignificantLocationUpdateViewController.swift; path = RxLocationManagerDemo/SignificantLocationUpdateViewController.swift; sourceTree = SOURCE_ROOT; };
		724DF7191D2D56580024AB3C /* RxCocoa.framework */ = {isa = PBXFileReference; lastKnownFileType = wrapper.framework; name = RxCocoa.framework; path = "Carthage/Checkouts/RxSwift/build/Debug-iphoneos/RxCocoa.framework"; sourceTree = "<group>"; };
		724DF7211D2D57970024AB3C /* RxCocoa.framework */ = {isa = PBXFileReference; lastKnownFileType = wrapper.framework; name = RxCocoa.framework; path = "../../Library/Developer/Xcode/DerivedData/RxLocationManager-forrdtavsxtttydggcxklgyodsnw/Build/Products/Debug-iphonesimulator/RxCocoa.framework"; sourceTree = "<group>"; };
		724DF7221D2D57970024AB3C /* RxSwift.framework */ = {isa = PBXFileReference; lastKnownFileType = wrapper.framework; name = RxSwift.framework; path = "../../Library/Developer/Xcode/DerivedData/RxLocationManager-forrdtavsxtttydggcxklgyodsnw/Build/Products/Debug-iphonesimulator/RxSwift.framework"; sourceTree = "<group>"; };
		724DF72E1D2D5A1C0024AB3C /* nextId.swift */ = {isa = PBXFileReference; fileEncoding = 4; lastKnownFileType = sourcecode.swift; path = nextId.swift; sourceTree = "<group>"; };
		729F257A1D39FDF800D835B6 /* Bridge.swift */ = {isa = PBXFileReference; fileEncoding = 4; lastKnownFileType = sourcecode.swift; name = Bridge.swift; path = watchOS/Bridge.swift; sourceTree = "<group>"; };
		729F257C1D39FDF800D835B6 /* Info-watchOS.plist */ = {isa = PBXFileReference; fileEncoding = 4; lastKnownFileType = text.plist.xml; name = "Info-watchOS.plist"; path = "watchOS/Info-watchOS.plist"; sourceTree = "<group>"; };
		729F257F1D39FDF800D835B6 /* RxLocationManager.swift */ = {isa = PBXFileReference; fileEncoding = 4; lastKnownFileType = sourcecode.swift; name = RxLocationManager.swift; path = watchOS/RxLocationManager.swift; sourceTree = "<group>"; };
		729F25811D39FDF800D835B6 /* StandardLocationService.swift */ = {isa = PBXFileReference; fileEncoding = 4; lastKnownFileType = sourcecode.swift; name = StandardLocationService.swift; path = watchOS/StandardLocationService.swift; sourceTree = "<group>"; };
		729F25901D3A03FB00D835B6 /* RxLocationManager.framework */ = {isa = PBXFileReference; explicitFileType = wrapper.framework; includeInIndex = 0; path = RxLocationManager.framework; sourceTree = BUILT_PRODUCTS_DIR; };
		729F25991D3A057800D835B6 /* Bridge.swift */ = {isa = PBXFileReference; fileEncoding = 4; lastKnownFileType = sourcecode.swift; name = Bridge.swift; path = tvOS/Bridge.swift; sourceTree = "<group>"; };
		729F259B1D3A057800D835B6 /* Info-tvOS.plist */ = {isa = PBXFileReference; fileEncoding = 4; lastKnownFileType = text.plist.xml; name = "Info-tvOS.plist"; path = "tvOS/Info-tvOS.plist"; sourceTree = "<group>"; };
		729F259E1D3A057800D835B6 /* RxLocationManager.swift */ = {isa = PBXFileReference; fileEncoding = 4; lastKnownFileType = sourcecode.swift; name = RxLocationManager.swift; path = tvOS/RxLocationManager.swift; sourceTree = "<group>"; };
		729F25A01D3A057800D835B6 /* StandardLocationService.swift */ = {isa = PBXFileReference; fileEncoding = 4; lastKnownFileType = sourcecode.swift; name = StandardLocationService.swift; path = tvOS/StandardLocationService.swift; sourceTree = "<group>"; };
		729F25B81D3A05D500D835B6 /* RxSwift.framework */ = {isa = PBXFileReference; lastKnownFileType = wrapper.framework; name = RxSwift.framework; path = "Carthage/Checkouts/RxSwift/build/Debug-appletvos/RxSwift.framework"; sourceTree = "<group>"; };
		729F25BA1D3A05E600D835B6 /* RxSwift.framework */ = {isa = PBXFileReference; lastKnownFileType = wrapper.framework; name = RxSwift.framework; path = "Carthage/Checkouts/RxSwift/build/Debug-watchos/RxSwift.framework"; sourceTree = "<group>"; };
		72B335DF1D2BEE9E0002FB39 /* RxLocationManager.framework */ = {isa = PBXFileReference; explicitFileType = wrapper.framework; includeInIndex = 0; path = RxLocationManager.framework; sourceTree = BUILT_PRODUCTS_DIR; };
		72B335EF1D2BF2960002FB39 /* RxLocationManager.framework */ = {isa = PBXFileReference; explicitFileType = wrapper.framework; includeInIndex = 0; path = RxLocationManager.framework; sourceTree = BUILT_PRODUCTS_DIR; };
		72B336071D2BFF980002FB39 /* RxLocationManager.podspec */ = {isa = PBXFileReference; lastKnownFileType = text; path = RxLocationManager.podspec; sourceTree = "<group>"; };
		72B336081D2C05990002FB39 /* RxSwift.framework */ = {isa = PBXFileReference; lastKnownFileType = wrapper.framework; name = RxSwift.framework; path = "Carthage/Checkouts/RxSwift/build/Debug-iphoneos/RxSwift.framework"; sourceTree = "<group>"; };
		72EC74F91D3A316B002AECE2 /* RxCocoa.framework */ = {isa = PBXFileReference; lastKnownFileType = wrapper.framework; name = RxCocoa.framework; path = "Carthage/Checkouts/RxSwift/build/Debug-iphoneos/RxCocoa.framework"; sourceTree = "<group>"; };
		72EC74FB1D3A317C002AECE2 /* RxSwift.framework */ = {isa = PBXFileReference; lastKnownFileType = wrapper.framework; name = RxSwift.framework; path = "../../Library/Developer/Xcode/DerivedData/RxLocationManager-forrdtavsxtttydggcxklgyodsnw/Build/Products/Debug-iphoneos/RxSwift.framework"; sourceTree = "<group>"; };
		72EC75021D3A3773002AECE2 /* RxCocoa.framework */ = {isa = PBXFileReference; explicitFileType = wrapper.framework; name = RxCocoa.framework; path = "/Users/haoyu/Library/Developer/Xcode/DerivedData/RxLocationManager-forrdtavsxtttydggcxklgyodsnw/Build/Products/Debug-iphoneos/RxCocoa.framework"; sourceTree = "<absolute>"; };
		72EC75051D3A7EC3002AECE2 /* README.md */ = {isa = PBXFileReference; lastKnownFileType = net.daringfireball.markdown; path = README.md; sourceTree = "<group>"; };
		72EC75061D3A7F0B002AECE2 /* LICENSE.md */ = {isa = PBXFileReference; lastKnownFileType = net.daringfireball.markdown; path = LICENSE.md; sourceTree = "<group>"; };
		72F970571D378E2B0020F65C /* RegionMonitoringServiceViewController.swift */ = {isa = PBXFileReference; fileEncoding = 4; lastKnownFileType = sourcecode.swift; path = RegionMonitoringServiceViewController.swift; sourceTree = "<group>"; };
		72F970591D37B9A70020F65C /* MonitoredCircleRegionTableViewCell.swift */ = {isa = PBXFileReference; fileEncoding = 4; lastKnownFileType = sourcecode.swift; path = MonitoredCircleRegionTableViewCell.swift; sourceTree = "<group>"; };
		72F9705B1D3913F90020F65C /* VisitMonitoringViewController.swift */ = {isa = PBXFileReference; fileEncoding = 4; lastKnownFileType = sourcecode.swift; path = VisitMonitoringViewController.swift; sourceTree = "<group>"; };
		72F970621D39363B0020F65C /* RxLocationManager.framework */ = {isa = PBXFileReference; explicitFileType = wrapper.framework; includeInIndex = 0; path = RxLocationManager.framework; sourceTree = BUILT_PRODUCTS_DIR; };
		72F970741D39370A0020F65C /* RxSwift.framework */ = {isa = PBXFileReference; lastKnownFileType = wrapper.framework; name = RxSwift.framework; path = Carthage/Checkouts/RxSwift/build/Debug/RxSwift.framework; sourceTree = "<group>"; };
		72F970791D3946450020F65C /* BeaconRangingService.swift */ = {isa = PBXFileReference; fileEncoding = 4; lastKnownFileType = sourcecode.swift; name = BeaconRangingService.swift; path = iOS/BeaconRangingService.swift; sourceTree = "<group>"; };
		72F9707A1D3946450020F65C /* Bridge.swift */ = {isa = PBXFileReference; fileEncoding = 4; lastKnownFileType = sourcecode.swift; name = Bridge.swift; path = iOS/Bridge.swift; sourceTree = "<group>"; };
		72F9707B1D3946450020F65C /* HeadingUpdateService.swift */ = {isa = PBXFileReference; fileEncoding = 4; lastKnownFileType = sourcecode.swift; name = HeadingUpdateService.swift; path = iOS/HeadingUpdateService.swift; sourceTree = "<group>"; };
		72F9707C1D3946450020F65C /* Info-iOS.plist */ = {isa = PBXFileReference; fileEncoding = 4; lastKnownFileType = text.plist.xml; name = "Info-iOS.plist"; path = "iOS/Info-iOS.plist"; sourceTree = "<group>"; };
		72F9707D1D3946450020F65C /* MonitoringVisitsService.swift */ = {isa = PBXFileReference; fileEncoding = 4; lastKnownFileType = sourcecode.swift; name = MonitoringVisitsService.swift; path = iOS/MonitoringVisitsService.swift; sourceTree = "<group>"; };
		72F9707E1D3946450020F65C /* RegionMonitoringService.swift */ = {isa = PBXFileReference; fileEncoding = 4; lastKnownFileType = sourcecode.swift; name = RegionMonitoringService.swift; path = iOS/RegionMonitoringService.swift; sourceTree = "<group>"; };
		72F970801D3946450020F65C /* RxLocationManager.swift */ = {isa = PBXFileReference; fileEncoding = 4; lastKnownFileType = sourcecode.swift; name = RxLocationManager.swift; path = iOS/RxLocationManager.swift; sourceTree = "<group>"; };
		72F970811D3946450020F65C /* SignificantLocationUpdateService.swift */ = {isa = PBXFileReference; fileEncoding = 4; lastKnownFileType = sourcecode.swift; name = SignificantLocationUpdateService.swift; path = iOS/SignificantLocationUpdateService.swift; sourceTree = "<group>"; };
		72F970821D3946450020F65C /* StandardLocationService.swift */ = {isa = PBXFileReference; fileEncoding = 4; lastKnownFileType = sourcecode.swift; name = StandardLocationService.swift; path = iOS/StandardLocationService.swift; sourceTree = "<group>"; };
		72F970971D394A3A0020F65C /* Bridge.swift */ = {isa = PBXFileReference; fileEncoding = 4; lastKnownFileType = sourcecode.swift; name = Bridge.swift; path = macOS/Bridge.swift; sourceTree = "<group>"; };
		72F970991D394A3A0020F65C /* Info-macOS.plist */ = {isa = PBXFileReference; fileEncoding = 4; lastKnownFileType = text.plist.xml; name = "Info-macOS.plist"; path = "macOS/Info-macOS.plist"; sourceTree = "<group>"; };
		72F9709B1D394A3A0020F65C /* RegionMonitoringService.swift */ = {isa = PBXFileReference; fileEncoding = 4; lastKnownFileType = sourcecode.swift; name = RegionMonitoringService.swift; path = macOS/RegionMonitoringService.swift; sourceTree = "<group>"; };
		72F9709C1D394A3A0020F65C /* RxLocationManager.swift */ = {isa = PBXFileReference; fileEncoding = 4; lastKnownFileType = sourcecode.swift; name = RxLocationManager.swift; path = macOS/RxLocationManager.swift; sourceTree = "<group>"; };
		72F9709D1D394A3A0020F65C /* SignificantLocationUpdateService.swift */ = {isa = PBXFileReference; fileEncoding = 4; lastKnownFileType = sourcecode.swift; name = SignificantLocationUpdateService.swift; path = macOS/SignificantLocationUpdateService.swift; sourceTree = "<group>"; };
		72F9709E1D394A3A0020F65C /* StandardLocationService.swift */ = {isa = PBXFileReference; fileEncoding = 4; lastKnownFileType = sourcecode.swift; name = StandardLocationService.swift; path = macOS/StandardLocationService.swift; sourceTree = "<group>"; };
		72FC15891D3256640051FB39 /* RxLocationManagerDemo.app */ = {isa = PBXFileReference; explicitFileType = wrapper.application; includeInIndex = 0; path = RxLocationManagerDemo.app; sourceTree = BUILT_PRODUCTS_DIR; };
		72FC158B1D3256650051FB39 /* AppDelegate.swift */ = {isa = PBXFileReference; lastKnownFileType = sourcecode.swift; path = AppDelegate.swift; sourceTree = "<group>"; };
		72FC158D1D3256650051FB39 /* RootViewController.swift */ = {isa = PBXFileReference; lastKnownFileType = sourcecode.swift; path = RootViewController.swift; sourceTree = "<group>"; };
		72FC15901D3256650051FB39 /* Base */ = {isa = PBXFileReference; lastKnownFileType = file.storyboard; name = Base; path = Base.lproj/Main.storyboard; sourceTree = "<group>"; };
		72FC15921D3256650051FB39 /* Assets.xcassets */ = {isa = PBXFileReference; lastKnownFileType = folder.assetcatalog; path = Assets.xcassets; sourceTree = "<group>"; };
		72FC15951D3256650051FB39 /* Base */ = {isa = PBXFileReference; lastKnownFileType = file.storyboard; name = Base; path = Base.lproj/LaunchScreen.storyboard; sourceTree = "<group>"; };
		72FC15971D3256650051FB39 /* Info.plist */ = {isa = PBXFileReference; lastKnownFileType = text.plist.xml; path = Info.plist; sourceTree = "<group>"; };
		72FC15AC1D32A6650051FB39 /* StandardLocationServiceViewController.swift */ = {isa = PBXFileReference; fileEncoding = 4; lastKnownFileType = sourcecode.swift; path = StandardLocationServiceViewController.swift; sourceTree = "<group>"; };
/* End PBXFileReference section */

/* Begin PBXFrameworksBuildPhase section */
		723044941D3E58AF00982952 /* Frameworks */ = {
			isa = PBXFrameworksBuildPhase;
			buildActionMask = 2147483647;
			files = (
				723044951D3E58AF00982952 /* RxSwift.framework in Frameworks */,
			);
			runOnlyForDeploymentPostprocessing = 0;
		};
		723044A51D3E66B300982952 /* Frameworks */ = {
			isa = PBXFrameworksBuildPhase;
			buildActionMask = 2147483647;
			files = (
				723044A61D3E66B300982952 /* RxSwift.framework in Frameworks */,
			);
			runOnlyForDeploymentPostprocessing = 0;
		};
		723044B91D3E714300982952 /* Frameworks */ = {
			isa = PBXFrameworksBuildPhase;
			buildActionMask = 2147483647;
			files = (
				723044BA1D3E714300982952 /* RxSwift.framework in Frameworks */,
			);
			runOnlyForDeploymentPostprocessing = 0;
		};
		723044C91D3E72CC00982952 /* Frameworks */ = {
			isa = PBXFrameworksBuildPhase;
			buildActionMask = 2147483647;
			files = (
				723044CA1D3E72CC00982952 /* RxSwift.framework in Frameworks */,
			);
			runOnlyForDeploymentPostprocessing = 0;
		};
		729F258C1D3A03FB00D835B6 /* Frameworks */ = {
			isa = PBXFrameworksBuildPhase;
			buildActionMask = 2147483647;
			files = (
				729F25B91D3A05D500D835B6 /* RxSwift.framework in Frameworks */,
			);
			runOnlyForDeploymentPostprocessing = 0;
		};
		72B335DB1D2BEE9E0002FB39 /* Frameworks */ = {
			isa = PBXFrameworksBuildPhase;
			buildActionMask = 2147483647;
			files = (
				72B336091D2C05990002FB39 /* RxSwift.framework in Frameworks */,
			);
			runOnlyForDeploymentPostprocessing = 0;
		};
		72B335EB1D2BF2960002FB39 /* Frameworks */ = {
			isa = PBXFrameworksBuildPhase;
			buildActionMask = 2147483647;
			files = (
				729F25BB1D3A05E600D835B6 /* RxSwift.framework in Frameworks */,
			);
			runOnlyForDeploymentPostprocessing = 0;
		};
		72F9705E1D39363B0020F65C /* Frameworks */ = {
			isa = PBXFrameworksBuildPhase;
			buildActionMask = 2147483647;
			files = (
				72F970751D39370A0020F65C /* RxSwift.framework in Frameworks */,
			);
			runOnlyForDeploymentPostprocessing = 0;
		};
		72FC15861D3256640051FB39 /* Frameworks */ = {
			isa = PBXFrameworksBuildPhase;
			buildActionMask = 2147483647;
			files = (
				72EC75031D3A3773002AECE2 /* RxCocoa.framework in Frameworks */,
				72EC74FC1D3A317C002AECE2 /* RxSwift.framework in Frameworks */,
				72EC74FD1D3A375C002AECE2 /* RxLocationManager.framework in Frameworks */,
			);
			runOnlyForDeploymentPostprocessing = 0;
		};
/* End PBXFrameworksBuildPhase section */

/* Begin PBXGroup section */
		723044871D3E583100982952 /* ccexperiment */ = {
			isa = PBXGroup;
			children = (
				723044DE1D3E8ACB00982952 /* RegionMonitoringService.swift */,
				723044D91D3E81DF00982952 /* SignificantLocationUpdateService.swift */,
				723044D31D3E748600982952 /* StandardLocationService.swift */,
				723044B11D3E675D00982952 /* Info.plist */,
				723044881D3E588700982952 /* Bridge.swift */,
			);
			name = ccexperiment;
			sourceTree = "<group>";
		};
		729F25781D39FDAE00D835B6 /* watchOS */ = {
			isa = PBXGroup;
			children = (
				729F257A1D39FDF800D835B6 /* Bridge.swift */,
				729F257C1D39FDF800D835B6 /* Info-watchOS.plist */,
				729F257F1D39FDF800D835B6 /* RxLocationManager.swift */,
				729F25811D39FDF800D835B6 /* StandardLocationService.swift */,
			);
			name = watchOS;
			sourceTree = "<group>";
		};
		729F25AA1D3A057F00D835B6 /* tvOS */ = {
			isa = PBXGroup;
			children = (
				729F25991D3A057800D835B6 /* Bridge.swift */,
				729F259B1D3A057800D835B6 /* Info-tvOS.plist */,
				729F259E1D3A057800D835B6 /* RxLocationManager.swift */,
				729F25A01D3A057800D835B6 /* StandardLocationService.swift */,
			);
			name = tvOS;
			sourceTree = "<group>";
		};
		72B335D51D2BEE9E0002FB39 = {
			isa = PBXGroup;
			children = (
				72FC158A1D3256650051FB39 /* RxLocationManagerDemo */,
				72B3360A1D2C065D0002FB39 /* Frameworks */,
				72B336061D2BFE160002FB39 /* Metadata */,
				72B336001D2BF6C00002FB39 /* Sources */,
				72B335E01D2BEE9E0002FB39 /* Products */,
			);
			sourceTree = "<group>";
		};
		72B335E01D2BEE9E0002FB39 /* Products */ = {
			isa = PBXGroup;
			children = (
				72B335DF1D2BEE9E0002FB39 /* RxLocationManager.framework */,
				72B335EF1D2BF2960002FB39 /* RxLocationManager.framework */,
				72FC15891D3256640051FB39 /* RxLocationManagerDemo.app */,
				72F970621D39363B0020F65C /* RxLocationManager.framework */,
				729F25901D3A03FB00D835B6 /* RxLocationManager.framework */,
				7230449B1D3E58AF00982952 /* RxLocationManager_iOS_CC.framework */,
				723044AC1D3E66B300982952 /* RxLocationManager_macOS_CC.framework */,
				723044C01D3E714300982952 /* RxLocationManager_watchOS_CC.framework */,
				723044D01D3E72CC00982952 /* RxLocationManager_tvOS_CC.framework */,
			);
			name = Products;
			sourceTree = "<group>";
		};
		72B336001D2BF6C00002FB39 /* Sources */ = {
			isa = PBXGroup;
			children = (
				723044871D3E583100982952 /* ccexperiment */,
				72F970781D3946360020F65C /* iOS */,
				72F970951D3949A30020F65C /* macOS */,
				729F25781D39FDAE00D835B6 /* watchOS */,
				729F25AA1D3A057F00D835B6 /* tvOS */,
				724DF72E1D2D5A1C0024AB3C /* nextId.swift */,
			);
			path = Sources;
			sourceTree = "<group>";
		};
		72B336061D2BFE160002FB39 /* Metadata */ = {
			isa = PBXGroup;
			children = (
				72B336071D2BFF980002FB39 /* RxLocationManager.podspec */,
				72EC75051D3A7EC3002AECE2 /* README.md */,
				72EC75061D3A7F0B002AECE2 /* LICENSE.md */,
			);
			name = Metadata;
			sourceTree = "<group>";
		};
		72B3360A1D2C065D0002FB39 /* Frameworks */ = {
			isa = PBXGroup;
			children = (
				72EC75021D3A3773002AECE2 /* RxCocoa.framework */,
				72EC74FB1D3A317C002AECE2 /* RxSwift.framework */,
				72EC74F91D3A316B002AECE2 /* RxCocoa.framework */,
				729F25BA1D3A05E600D835B6 /* RxSwift.framework */,
				729F25B81D3A05D500D835B6 /* RxSwift.framework */,
				72F970741D39370A0020F65C /* RxSwift.framework */,
				724DF7211D2D57970024AB3C /* RxCocoa.framework */,
				724DF7221D2D57970024AB3C /* RxSwift.framework */,
				724DF7191D2D56580024AB3C /* RxCocoa.framework */,
				72B336081D2C05990002FB39 /* RxSwift.framework */,
			);
			name = Frameworks;
			sourceTree = "<group>";
		};
		72F970781D3946360020F65C /* iOS */ = {
			isa = PBXGroup;
			children = (
				72F970791D3946450020F65C /* BeaconRangingService.swift */,
				72F9707A1D3946450020F65C /* Bridge.swift */,
				72F9707B1D3946450020F65C /* HeadingUpdateService.swift */,
				72F9707C1D3946450020F65C /* Info-iOS.plist */,
				72F9707D1D3946450020F65C /* MonitoringVisitsService.swift */,
				72F9707E1D3946450020F65C /* RegionMonitoringService.swift */,
				72F970801D3946450020F65C /* RxLocationManager.swift */,
				72F970811D3946450020F65C /* SignificantLocationUpdateService.swift */,
				72F970821D3946450020F65C /* StandardLocationService.swift */,
			);
			name = iOS;
			sourceTree = "<group>";
		};
		72F970951D3949A30020F65C /* macOS */ = {
			isa = PBXGroup;
			children = (
				72F970971D394A3A0020F65C /* Bridge.swift */,
				72F970991D394A3A0020F65C /* Info-macOS.plist */,
				72F9709B1D394A3A0020F65C /* RegionMonitoringService.swift */,
				72F9709C1D394A3A0020F65C /* RxLocationManager.swift */,
				72F9709D1D394A3A0020F65C /* SignificantLocationUpdateService.swift */,
				72F9709E1D394A3A0020F65C /* StandardLocationService.swift */,
			);
			name = macOS;
			sourceTree = "<group>";
		};
		72FC158A1D3256650051FB39 /* RxLocationManagerDemo */ = {
			isa = PBXGroup;
			children = (
				72FC158B1D3256650051FB39 /* AppDelegate.swift */,
				72FC158D1D3256650051FB39 /* RootViewController.swift */,
				72FC158F1D3256650051FB39 /* Main.storyboard */,
				72FC15921D3256650051FB39 /* Assets.xcassets */,
				72FC15941D3256650051FB39 /* LaunchScreen.storyboard */,
				72FC15971D3256650051FB39 /* Info.plist */,
				72FC15AC1D32A6650051FB39 /* StandardLocationServiceViewController.swift */,
				723217051D3539A700F46CEC /* SignificantLocationUpdateViewController.swift */,
				721AD1181D367F2000744B42 /* HeadingUpdateServiceViewController.swift */,
				72F970571D378E2B0020F65C /* RegionMonitoringServiceViewController.swift */,
				72F970591D37B9A70020F65C /* MonitoredCircleRegionTableViewCell.swift */,
				72F9705B1D3913F90020F65C /* VisitMonitoringViewController.swift */,
			);
			name = RxLocationManagerDemo;
			path = /Users/haoyu/Dev/rxlocationmanager/RxLocationManagerDemo;
			sourceTree = "<absolute>";
		};
/* End PBXGroup section */

/* Begin PBXHeadersBuildPhase section */
		723044961D3E58AF00982952 /* Headers */ = {
			isa = PBXHeadersBuildPhase;
			buildActionMask = 2147483647;
			files = (
			);
			runOnlyForDeploymentPostprocessing = 0;
		};
		723044A71D3E66B300982952 /* Headers */ = {
			isa = PBXHeadersBuildPhase;
			buildActionMask = 2147483647;
			files = (
			);
			runOnlyForDeploymentPostprocessing = 0;
		};
		723044BB1D3E714300982952 /* Headers */ = {
			isa = PBXHeadersBuildPhase;
			buildActionMask = 2147483647;
			files = (
			);
			runOnlyForDeploymentPostprocessing = 0;
		};
		723044CB1D3E72CC00982952 /* Headers */ = {
			isa = PBXHeadersBuildPhase;
			buildActionMask = 2147483647;
			files = (
			);
			runOnlyForDeploymentPostprocessing = 0;
		};
		729F258D1D3A03FB00D835B6 /* Headers */ = {
			isa = PBXHeadersBuildPhase;
			buildActionMask = 2147483647;
			files = (
			);
			runOnlyForDeploymentPostprocessing = 0;
		};
		72B335DC1D2BEE9E0002FB39 /* Headers */ = {
			isa = PBXHeadersBuildPhase;
			buildActionMask = 2147483647;
			files = (
			);
			runOnlyForDeploymentPostprocessing = 0;
		};
		72B335EC1D2BF2960002FB39 /* Headers */ = {
			isa = PBXHeadersBuildPhase;
			buildActionMask = 2147483647;
			files = (
			);
			runOnlyForDeploymentPostprocessing = 0;
		};
		72F9705F1D39363B0020F65C /* Headers */ = {
			isa = PBXHeadersBuildPhase;
			buildActionMask = 2147483647;
			files = (
			);
			runOnlyForDeploymentPostprocessing = 0;
		};
/* End PBXHeadersBuildPhase section */

/* Begin PBXNativeTarget section */
		723044891D3E58AF00982952 /* RxLocationManager iOS cc */ = {
			isa = PBXNativeTarget;
			buildConfigurationList = 723044981D3E58AF00982952 /* Build configuration list for PBXNativeTarget "RxLocationManager iOS cc" */;
			buildPhases = (
				7230448A1D3E58AF00982952 /* Sources */,
				723044941D3E58AF00982952 /* Frameworks */,
				723044961D3E58AF00982952 /* Headers */,
				723044971D3E58AF00982952 /* Resources */,
			);
			buildRules = (
			);
			dependencies = (
			);
			name = "RxLocationManager iOS cc";
			productName = RxLocationManager;
			productReference = 7230449B1D3E58AF00982952 /* RxLocationManager_iOS_CC.framework */;
			productType = "com.apple.product-type.framework";
		};
		7230449D1D3E66B300982952 /* RxLocationManager macOS cc */ = {
			isa = PBXNativeTarget;
			buildConfigurationList = 723044A91D3E66B300982952 /* Build configuration list for PBXNativeTarget "RxLocationManager macOS cc" */;
			buildPhases = (
				7230449E1D3E66B300982952 /* Sources */,
				723044A51D3E66B300982952 /* Frameworks */,
				723044A71D3E66B300982952 /* Headers */,
				723044A81D3E66B300982952 /* Resources */,
			);
			buildRules = (
			);
			dependencies = (
			);
			name = "RxLocationManager macOS cc";
			productName = "RxLocationManager OSX";
			productReference = 723044AC1D3E66B300982952 /* RxLocationManager_macOS_CC.framework */;
			productType = "com.apple.product-type.framework";
		};
		723044B31D3E714300982952 /* RxLocationManager watchOS cc */ = {
			isa = PBXNativeTarget;
			buildConfigurationList = 723044BD1D3E714300982952 /* Build configuration list for PBXNativeTarget "RxLocationManager watchOS cc" */;
			buildPhases = (
				723044B41D3E714300982952 /* Sources */,
				723044B91D3E714300982952 /* Frameworks */,
				723044BB1D3E714300982952 /* Headers */,
				723044BC1D3E714300982952 /* Resources */,
			);
			buildRules = (
			);
			dependencies = (
			);
			name = "RxLocationManager watchOS cc";
			productName = "RxLocationManager watchOS";
			productReference = 723044C01D3E714300982952 /* RxLocationManager_watchOS_CC.framework */;
			productType = "com.apple.product-type.framework";
		};
		723044C31D3E72CC00982952 /* RxLocationManager tvOS cc */ = {
			isa = PBXNativeTarget;
			buildConfigurationList = 723044CD1D3E72CC00982952 /* Build configuration list for PBXNativeTarget "RxLocationManager tvOS cc" */;
			buildPhases = (
				723044C41D3E72CC00982952 /* Sources */,
				723044C91D3E72CC00982952 /* Frameworks */,
				723044CB1D3E72CC00982952 /* Headers */,
				723044CC1D3E72CC00982952 /* Resources */,
			);
			buildRules = (
			);
			dependencies = (
			);
			name = "RxLocationManager tvOS cc";
			productName = "RxLocationManager tvOS";
			productReference = 723044D01D3E72CC00982952 /* RxLocationManager_tvOS_CC.framework */;
			productType = "com.apple.product-type.framework";
		};
		729F258F1D3A03FB00D835B6 /* RxLocationManager tvOS */ = {
			isa = PBXNativeTarget;
			buildConfigurationList = 729F25951D3A03FB00D835B6 /* Build configuration list for PBXNativeTarget "RxLocationManager tvOS" */;
			buildPhases = (
				729F258B1D3A03FB00D835B6 /* Sources */,
				729F258C1D3A03FB00D835B6 /* Frameworks */,
				729F258D1D3A03FB00D835B6 /* Headers */,
				729F258E1D3A03FB00D835B6 /* Resources */,
			);
			buildRules = (
			);
			dependencies = (
			);
			name = "RxLocationManager tvOS";
			productName = "RxLocationManager tvOS";
			productReference = 729F25901D3A03FB00D835B6 /* RxLocationManager.framework */;
			productType = "com.apple.product-type.framework";
		};
		72B335DE1D2BEE9E0002FB39 /* RxLocationManager iOS */ = {
			isa = PBXNativeTarget;
			buildConfigurationList = 72B335E71D2BEE9E0002FB39 /* Build configuration list for PBXNativeTarget "RxLocationManager iOS" */;
			buildPhases = (
				72B335DA1D2BEE9E0002FB39 /* Sources */,
				72B335DB1D2BEE9E0002FB39 /* Frameworks */,
				72B335DC1D2BEE9E0002FB39 /* Headers */,
				72B335DD1D2BEE9E0002FB39 /* Resources */,
			);
			buildRules = (
			);
			dependencies = (
			);
			name = "RxLocationManager iOS";
			productName = RxLocationManager;
			productReference = 72B335DF1D2BEE9E0002FB39 /* RxLocationManager.framework */;
			productType = "com.apple.product-type.framework";
		};
		72B335EE1D2BF2960002FB39 /* RxLocationManager watchOS */ = {
			isa = PBXNativeTarget;
			buildConfigurationList = 72B335F61D2BF2960002FB39 /* Build configuration list for PBXNativeTarget "RxLocationManager watchOS" */;
			buildPhases = (
				72B335EA1D2BF2960002FB39 /* Sources */,
				72B335EB1D2BF2960002FB39 /* Frameworks */,
				72B335EC1D2BF2960002FB39 /* Headers */,
				72B335ED1D2BF2960002FB39 /* Resources */,
			);
			buildRules = (
			);
			dependencies = (
			);
			name = "RxLocationManager watchOS";
			productName = "RxLocationManager watchOS";
			productReference = 72B335EF1D2BF2960002FB39 /* RxLocationManager.framework */;
			productType = "com.apple.product-type.framework";
		};
		72F970611D39363B0020F65C /* RxLocationManager macOS */ = {
			isa = PBXNativeTarget;
			buildConfigurationList = 72F970671D39363B0020F65C /* Build configuration list for PBXNativeTarget "RxLocationManager macOS" */;
			buildPhases = (
				72F9705D1D39363B0020F65C /* Sources */,
				72F9705E1D39363B0020F65C /* Frameworks */,
				72F9705F1D39363B0020F65C /* Headers */,
				72F970601D39363B0020F65C /* Resources */,
			);
			buildRules = (
			);
			dependencies = (
			);
			name = "RxLocationManager macOS";
			productName = "RxLocationManager OSX";
			productReference = 72F970621D39363B0020F65C /* RxLocationManager.framework */;
			productType = "com.apple.product-type.framework";
		};
		72FC15881D3256640051FB39 /* RxLocationManagerDemo */ = {
			isa = PBXNativeTarget;
			buildConfigurationList = 72FC15981D3256650051FB39 /* Build configuration list for PBXNativeTarget "RxLocationManagerDemo" */;
			buildPhases = (
				72FC15851D3256640051FB39 /* Sources */,
				72FC15861D3256640051FB39 /* Frameworks */,
				72FC15871D3256640051FB39 /* Resources */,
				72EC74FF1D3A375D002AECE2 /* Embed Frameworks */,
			);
			buildRules = (
			);
			dependencies = (
				72F970B81D3951750020F65C /* PBXTargetDependency */,
			);
			name = RxLocationManagerDemo;
			productName = RxLocationManagerDemo;
			productReference = 72FC15891D3256640051FB39 /* RxLocationManagerDemo.app */;
			productType = "com.apple.product-type.application";
		};
/* End PBXNativeTarget section */

/* Begin PBXProject section */
		72B335D61D2BEE9E0002FB39 /* Project object */ = {
			isa = PBXProject;
			attributes = {
				LastSwiftUpdateCheck = 0730;
				LastUpgradeCheck = 0730;
				ORGANIZATIONNAME = GFWGTH;
				TargetAttributes = {
					729F258F1D3A03FB00D835B6 = {
						CreatedOnToolsVersion = 7.3;
					};
					72B335DE1D2BEE9E0002FB39 = {
						CreatedOnToolsVersion = 7.3.1;
						DevelopmentTeam = EHSX39WJ93;
					};
					72B335EE1D2BF2960002FB39 = {
						CreatedOnToolsVersion = 7.3.1;
					};
					72F970611D39363B0020F65C = {
						CreatedOnToolsVersion = 7.3;
					};
					72FC15881D3256640051FB39 = {
						CreatedOnToolsVersion = 7.3;
						DevelopmentTeam = EHSX39WJ93;
						SystemCapabilities = {
							com.apple.BackgroundModes = {
								enabled = 1;
							};
						};
					};
				};
			};
			buildConfigurationList = 72B335D91D2BEE9E0002FB39 /* Build configuration list for PBXProject "RxLocationManager" */;
			compatibilityVersion = "Xcode 3.2";
			developmentRegion = English;
			hasScannedForEncodings = 0;
			knownRegions = (
				en,
				Base,
			);
			mainGroup = 72B335D51D2BEE9E0002FB39;
			productRefGroup = 72B335E01D2BEE9E0002FB39 /* Products */;
			projectDirPath = "";
			projectRoot = "";
			targets = (
				72B335DE1D2BEE9E0002FB39 /* RxLocationManager iOS */,
				72F970611D39363B0020F65C /* RxLocationManager macOS */,
				729F258F1D3A03FB00D835B6 /* RxLocationManager tvOS */,
				72B335EE1D2BF2960002FB39 /* RxLocationManager watchOS */,
				72FC15881D3256640051FB39 /* RxLocationManagerDemo */,
				723044891D3E58AF00982952 /* RxLocationManager iOS cc */,
				7230449D1D3E66B300982952 /* RxLocationManager macOS cc */,
				723044B31D3E714300982952 /* RxLocationManager watchOS cc */,
				723044C31D3E72CC00982952 /* RxLocationManager tvOS cc */,
			);
		};
/* End PBXProject section */

/* Begin PBXResourcesBuildPhase section */
		723044971D3E58AF00982952 /* Resources */ = {
			isa = PBXResourcesBuildPhase;
			buildActionMask = 2147483647;
			files = (
			);
			runOnlyForDeploymentPostprocessing = 0;
		};
		723044A81D3E66B300982952 /* Resources */ = {
			isa = PBXResourcesBuildPhase;
			buildActionMask = 2147483647;
			files = (
			);
			runOnlyForDeploymentPostprocessing = 0;
		};
		723044BC1D3E714300982952 /* Resources */ = {
			isa = PBXResourcesBuildPhase;
			buildActionMask = 2147483647;
			files = (
			);
			runOnlyForDeploymentPostprocessing = 0;
		};
		723044CC1D3E72CC00982952 /* Resources */ = {
			isa = PBXResourcesBuildPhase;
			buildActionMask = 2147483647;
			files = (
			);
			runOnlyForDeploymentPostprocessing = 0;
		};
		729F258E1D3A03FB00D835B6 /* Resources */ = {
			isa = PBXResourcesBuildPhase;
			buildActionMask = 2147483647;
			files = (
			);
			runOnlyForDeploymentPostprocessing = 0;
		};
		72B335DD1D2BEE9E0002FB39 /* Resources */ = {
			isa = PBXResourcesBuildPhase;
			buildActionMask = 2147483647;
			files = (
			);
			runOnlyForDeploymentPostprocessing = 0;
		};
		72B335ED1D2BF2960002FB39 /* Resources */ = {
			isa = PBXResourcesBuildPhase;
			buildActionMask = 2147483647;
			files = (
			);
			runOnlyForDeploymentPostprocessing = 0;
		};
		72F970601D39363B0020F65C /* Resources */ = {
			isa = PBXResourcesBuildPhase;
			buildActionMask = 2147483647;
			files = (
			);
			runOnlyForDeploymentPostprocessing = 0;
		};
		72FC15871D3256640051FB39 /* Resources */ = {
			isa = PBXResourcesBuildPhase;
			buildActionMask = 2147483647;
			files = (
				72FC15961D3256650051FB39 /* LaunchScreen.storyboard in Resources */,
				72FC15931D3256650051FB39 /* Assets.xcassets in Resources */,
				72FC15911D3256650051FB39 /* Main.storyboard in Resources */,
			);
			runOnlyForDeploymentPostprocessing = 0;
		};
/* End PBXResourcesBuildPhase section */

/* Begin PBXSourcesBuildPhase section */
		7230448A1D3E58AF00982952 /* Sources */ = {
			isa = PBXSourcesBuildPhase;
			buildActionMask = 2147483647;
			files = (
				723044DF1D3E8ACB00982952 /* RegionMonitoringService.swift in Sources */,
				723044D51D3E74AD00982952 /* StandardLocationService.swift in Sources */,
				723044DA1D3E81DF00982952 /* SignificantLocationUpdateService.swift in Sources */,
				723044AE1D3E66CF00982952 /* Bridge.swift in Sources */,
				723044931D3E58AF00982952 /* nextId.swift in Sources */,
			);
			runOnlyForDeploymentPostprocessing = 0;
		};
		7230449E1D3E66B300982952 /* Sources */ = {
			isa = PBXSourcesBuildPhase;
			buildActionMask = 2147483647;
			files = (
				723044E01D3E8ACB00982952 /* RegionMonitoringService.swift in Sources */,
				723044D61D3E777E00982952 /* StandardLocationService.swift in Sources */,
				723044DB1D3E81DF00982952 /* SignificantLocationUpdateService.swift in Sources */,
				723044AF1D3E66DE00982952 /* Bridge.swift in Sources */,
				723044B01D3E66DE00982952 /* nextId.swift in Sources */,
			);
			runOnlyForDeploymentPostprocessing = 0;
		};
		723044B41D3E714300982952 /* Sources */ = {
			isa = PBXSourcesBuildPhase;
			buildActionMask = 2147483647;
			files = (
				723044E11D3E8ACB00982952 /* RegionMonitoringService.swift in Sources */,
				723044D71D3E79AE00982952 /* StandardLocationService.swift in Sources */,
				723044DC1D3E81DF00982952 /* SignificantLocationUpdateService.swift in Sources */,
				723044C21D3E716600982952 /* Bridge.swift in Sources */,
				723044B81D3E714300982952 /* nextId.swift in Sources */,
			);
			runOnlyForDeploymentPostprocessing = 0;
		};
		723044C41D3E72CC00982952 /* Sources */ = {
			isa = PBXSourcesBuildPhase;
			buildActionMask = 2147483647;
			files = (
				723044E21D3E8ACB00982952 /* RegionMonitoringService.swift in Sources */,
				723044D81D3E79B300982952 /* StandardLocationService.swift in Sources */,
				723044DD1D3E81DF00982952 /* SignificantLocationUpdateService.swift in Sources */,
				723044D21D3E732400982952 /* Bridge.swift in Sources */,
				723044C81D3E72CC00982952 /* nextId.swift in Sources */,
			);
			runOnlyForDeploymentPostprocessing = 0;
		};
		729F258B1D3A03FB00D835B6 /* Sources */ = {
			isa = PBXSourcesBuildPhase;
			buildActionMask = 2147483647;
			files = (
				729F25B01D3A05C700D835B6 /* Bridge.swift in Sources */,
				729F25B41D3A05C700D835B6 /* RxLocationManager.swift in Sources */,
				729F25B61D3A05C700D835B6 /* StandardLocationService.swift in Sources */,
				729F25B71D3A05C700D835B6 /* nextId.swift in Sources */,
			);
			runOnlyForDeploymentPostprocessing = 0;
		};
		72B335DA1D2BEE9E0002FB39 /* Sources */ = {
			isa = PBXSourcesBuildPhase;
			buildActionMask = 2147483647;
			files = (
				72F9708C1D3946620020F65C /* BeaconRangingService.swift in Sources */,
				72F9708D1D3946620020F65C /* Bridge.swift in Sources */,
				72F9708E1D3946620020F65C /* HeadingUpdateService.swift in Sources */,
				72F9708F1D3946620020F65C /* MonitoringVisitsService.swift in Sources */,
				72F970901D3946620020F65C /* RegionMonitoringService.swift in Sources */,
				72F970921D3946620020F65C /* RxLocationManager.swift in Sources */,
				72F970931D3946620020F65C /* SignificantLocationUpdateService.swift in Sources */,
				72F970941D3946620020F65C /* StandardLocationService.swift in Sources */,
				724DF72F1D2D5A1C0024AB3C /* nextId.swift in Sources */,
			);
			runOnlyForDeploymentPostprocessing = 0;
		};
		72B335EA1D2BF2960002FB39 /* Sources */ = {
			isa = PBXSourcesBuildPhase;
			buildActionMask = 2147483647;
			files = (
				729F25AB1D3A05B400D835B6 /* Bridge.swift in Sources */,
				729F25AC1D3A05B400D835B6 /* RxLocationManager.swift in Sources */,
				729F25AD1D3A05B400D835B6 /* StandardLocationService.swift in Sources */,
				729F25AE1D3A05B400D835B6 /* nextId.swift in Sources */,
			);
			runOnlyForDeploymentPostprocessing = 0;
		};
		72F9705D1D39363B0020F65C /* Sources */ = {
			isa = PBXSourcesBuildPhase;
			buildActionMask = 2147483647;
			files = (
				72F970A81D394C5D0020F65C /* Bridge.swift in Sources */,
				72F970AB1D394C5D0020F65C /* RegionMonitoringService.swift in Sources */,
				72F970AC1D394C5D0020F65C /* RxLocationManager.swift in Sources */,
				72F970AD1D394C5D0020F65C /* SignificantLocationUpdateService.swift in Sources */,
				72F970AE1D394C5D0020F65C /* StandardLocationService.swift in Sources */,
				72F9706A1D3936F50020F65C /* nextId.swift in Sources */,
			);
			runOnlyForDeploymentPostprocessing = 0;
		};
		72FC15851D3256640051FB39 /* Sources */ = {
			isa = PBXSourcesBuildPhase;
			buildActionMask = 2147483647;
			files = (
				72F970AF1D3951570020F65C /* AppDelegate.swift in Sources */,
				72F970B01D3951570020F65C /* RootViewController.swift in Sources */,
				72F970B11D3951570020F65C /* StandardLocationServiceViewController.swift in Sources */,
				72F970B21D3951570020F65C /* SignificantLocationUpdateViewController.swift in Sources */,
				72F970B31D3951570020F65C /* HeadingUpdateServiceViewController.swift in Sources */,
				72F970B41D3951570020F65C /* RegionMonitoringServiceViewController.swift in Sources */,
				72F970B51D3951570020F65C /* MonitoredCircleRegionTableViewCell.swift in Sources */,
				72F970B61D3951570020F65C /* VisitMonitoringViewController.swift in Sources */,
			);
			runOnlyForDeploymentPostprocessing = 0;
		};
/* End PBXSourcesBuildPhase section */

/* Begin PBXTargetDependency section */
		72F970B81D3951750020F65C /* PBXTargetDependency */ = {
			isa = PBXTargetDependency;
			target = 72B335DE1D2BEE9E0002FB39 /* RxLocationManager iOS */;
			targetProxy = 72F970B71D3951750020F65C /* PBXContainerItemProxy */;
		};
/* End PBXTargetDependency section */

/* Begin PBXVariantGroup section */
		72FC158F1D3256650051FB39 /* Main.storyboard */ = {
			isa = PBXVariantGroup;
			children = (
				72FC15901D3256650051FB39 /* Base */,
			);
			name = Main.storyboard;
			sourceTree = "<group>";
		};
		72FC15941D3256650051FB39 /* LaunchScreen.storyboard */ = {
			isa = PBXVariantGroup;
			children = (
				72FC15951D3256650051FB39 /* Base */,
			);
			name = LaunchScreen.storyboard;
			sourceTree = "<group>";
		};
/* End PBXVariantGroup section */

/* Begin XCBuildConfiguration section */
		723044991D3E58AF00982952 /* Debug */ = {
			isa = XCBuildConfiguration;
			buildSettings = {
				APPLICATION_EXTENSION_API_ONLY = YES;
				CLANG_ENABLE_MODULES = YES;
				CODE_SIGN_IDENTITY = "iPhone Developer";
				"CODE_SIGN_IDENTITY[sdk=iphoneos*]" = "iPhone Developer";
				DEFINES_MODULE = YES;
				DYLIB_COMPATIBILITY_VERSION = 1;
				DYLIB_CURRENT_VERSION = 1;
				DYLIB_INSTALL_NAME_BASE = "@rpath";
				FRAMEWORK_SEARCH_PATHS = (
					"$(inherited)",
					"$(PROJECT_DIR)/Carthage/Checkouts/RxSwift/build/Debug-iphoneos",
				);
				INFOPLIST_FILE = Sources/ccexperiment/Info.plist;
				INSTALL_PATH = "$(LOCAL_LIBRARY_DIR)/Frameworks";
				LD_RUNPATH_SEARCH_PATHS = "$(inherited) @executable_path/Frameworks @loader_path/Frameworks";
				PRODUCT_BUNDLE_IDENTIFIER = com.gfwgotohell.RxLocationManager;
				PRODUCT_NAME = RxLocationManager_iOS_CC;
				SKIP_INSTALL = YES;
				SWIFT_OPTIMIZATION_LEVEL = "-Onone";
				TARGETED_DEVICE_FAMILY = "1,2";
			};
			name = Debug;
		};
		7230449A1D3E58AF00982952 /* Release */ = {
			isa = XCBuildConfiguration;
			buildSettings = {
				APPLICATION_EXTENSION_API_ONLY = YES;
				CLANG_ENABLE_MODULES = YES;
				CODE_SIGN_IDENTITY = "iPhone Developer";
				"CODE_SIGN_IDENTITY[sdk=iphoneos*]" = "iPhone Developer";
				DEFINES_MODULE = YES;
				DYLIB_COMPATIBILITY_VERSION = 1;
				DYLIB_CURRENT_VERSION = 1;
				DYLIB_INSTALL_NAME_BASE = "@rpath";
				FRAMEWORK_SEARCH_PATHS = (
					"$(inherited)",
					"$(PROJECT_DIR)/Carthage/Checkouts/RxSwift/build/Debug-iphoneos",
				);
				INFOPLIST_FILE = Sources/ccexperiment/Info.plist;
				INSTALL_PATH = "$(LOCAL_LIBRARY_DIR)/Frameworks";
				LD_RUNPATH_SEARCH_PATHS = "$(inherited) @executable_path/Frameworks @loader_path/Frameworks";
				PRODUCT_BUNDLE_IDENTIFIER = com.gfwgotohell.RxLocationManager;
				PRODUCT_NAME = RxLocationManager_iOS_CC;
				SKIP_INSTALL = YES;
				TARGETED_DEVICE_FAMILY = "1,2";
			};
			name = Release;
		};
		723044AA1D3E66B300982952 /* Debug */ = {
			isa = XCBuildConfiguration;
			buildSettings = {
				CODE_SIGN_IDENTITY = "-";
				COMBINE_HIDPI_IMAGES = YES;
				DEFINES_MODULE = YES;
				DYLIB_COMPATIBILITY_VERSION = 1;
				DYLIB_CURRENT_VERSION = 1;
				DYLIB_INSTALL_NAME_BASE = "@rpath";
				FRAMEWORK_SEARCH_PATHS = (
					"$(inherited)",
					"$(PROJECT_DIR)/Carthage/Checkouts/RxSwift/build/Debug",
				);
				FRAMEWORK_VERSION = A;
				INFOPLIST_FILE = Sources/ccexperiment/Info.plist;
				INSTALL_PATH = "$(LOCAL_LIBRARY_DIR)/Frameworks";
				LD_RUNPATH_SEARCH_PATHS = "$(inherited) @executable_path/../Frameworks @loader_path/Frameworks";
				MACOSX_DEPLOYMENT_TARGET = 10.10;
				PRODUCT_BUNDLE_IDENTIFIER = com.gfwgotohell.RxLocationManager;
				PRODUCT_NAME = RxLocationManager_macOS_CC;
				SDKROOT = macosx;
				SKIP_INSTALL = YES;
			};
			name = Debug;
		};
		723044AB1D3E66B300982952 /* Release */ = {
			isa = XCBuildConfiguration;
			buildSettings = {
				CODE_SIGN_IDENTITY = "-";
				COMBINE_HIDPI_IMAGES = YES;
				DEFINES_MODULE = YES;
				DYLIB_COMPATIBILITY_VERSION = 1;
				DYLIB_CURRENT_VERSION = 1;
				DYLIB_INSTALL_NAME_BASE = "@rpath";
				FRAMEWORK_SEARCH_PATHS = (
					"$(inherited)",
					"$(PROJECT_DIR)/Carthage/Checkouts/RxSwift/build/Debug",
				);
				FRAMEWORK_VERSION = A;
				INFOPLIST_FILE = Sources/ccexperiment/Info.plist;
				INSTALL_PATH = "$(LOCAL_LIBRARY_DIR)/Frameworks";
				LD_RUNPATH_SEARCH_PATHS = "$(inherited) @executable_path/../Frameworks @loader_path/Frameworks";
				MACOSX_DEPLOYMENT_TARGET = 10.10;
				PRODUCT_BUNDLE_IDENTIFIER = com.gfwgotohell.RxLocationManager;
				PRODUCT_NAME = RxLocationManager_macOS_CC;
				SDKROOT = macosx;
				SKIP_INSTALL = YES;
			};
			name = Release;
		};
		723044BE1D3E714300982952 /* Debug */ = {
			isa = XCBuildConfiguration;
			buildSettings = {
				APPLICATION_EXTENSION_API_ONLY = YES;
				DEFINES_MODULE = YES;
				DYLIB_COMPATIBILITY_VERSION = 1;
				DYLIB_CURRENT_VERSION = 1;
				DYLIB_INSTALL_NAME_BASE = "@rpath";
				FRAMEWORK_SEARCH_PATHS = (
					"$(inherited)",
					"$(PROJECT_DIR)/Carthage/Checkouts/RxSwift/build/Debug-watchos",
				);
				INFOPLIST_FILE = Sources/ccexperiment/Info.plist;
				INSTALL_PATH = "$(LOCAL_LIBRARY_DIR)/Frameworks";
				LD_RUNPATH_SEARCH_PATHS = "$(inherited) @executable_path/Frameworks @loader_path/Frameworks";
				PRODUCT_BUNDLE_IDENTIFIER = com.gfwgth.RxLocationManager;
				PRODUCT_NAME = RxLocationManager_watchOS_CC;
				SDKROOT = watchos;
				SKIP_INSTALL = YES;
				TARGETED_DEVICE_FAMILY = 4;
				WATCHOS_DEPLOYMENT_TARGET = 2.0;
			};
			name = Debug;
		};
		723044BF1D3E714300982952 /* Release */ = {
			isa = XCBuildConfiguration;
			buildSettings = {
				APPLICATION_EXTENSION_API_ONLY = YES;
				DEFINES_MODULE = YES;
				DYLIB_COMPATIBILITY_VERSION = 1;
				DYLIB_CURRENT_VERSION = 1;
				DYLIB_INSTALL_NAME_BASE = "@rpath";
				FRAMEWORK_SEARCH_PATHS = (
					"$(inherited)",
					"$(PROJECT_DIR)/Carthage/Checkouts/RxSwift/build/Debug-watchos",
				);
				INFOPLIST_FILE = Sources/ccexperiment/Info.plist;
				INSTALL_PATH = "$(LOCAL_LIBRARY_DIR)/Frameworks";
				LD_RUNPATH_SEARCH_PATHS = "$(inherited) @executable_path/Frameworks @loader_path/Frameworks";
				PRODUCT_BUNDLE_IDENTIFIER = com.gfwgth.RxLocationManager;
				PRODUCT_NAME = RxLocationManager_watchOS_CC;
				SDKROOT = watchos;
				SKIP_INSTALL = YES;
				TARGETED_DEVICE_FAMILY = 4;
				WATCHOS_DEPLOYMENT_TARGET = 2.0;
			};
			name = Release;
		};
		723044CE1D3E72CC00982952 /* Debug */ = {
			isa = XCBuildConfiguration;
			buildSettings = {
				DEFINES_MODULE = YES;
				DYLIB_COMPATIBILITY_VERSION = 1;
				DYLIB_CURRENT_VERSION = 1;
				DYLIB_INSTALL_NAME_BASE = "@rpath";
				FRAMEWORK_SEARCH_PATHS = (
					"$(inherited)",
					"$(PROJECT_DIR)/Carthage/Checkouts/RxSwift/build/Debug-appletvos",
				);
				INFOPLIST_FILE = Sources/ccexperiment/Info.plist;
				INSTALL_PATH = "$(LOCAL_LIBRARY_DIR)/Frameworks";
				LD_RUNPATH_SEARCH_PATHS = "$(inherited) @executable_path/Frameworks @loader_path/Frameworks";
				PRODUCT_BUNDLE_IDENTIFIER = com.gfwgotohell.RxLocationManager;
				PRODUCT_NAME = RxLocationManager_tvOS_CC;
				SDKROOT = appletvos;
				SKIP_INSTALL = YES;
				TARGETED_DEVICE_FAMILY = 3;
				TVOS_DEPLOYMENT_TARGET = 9.2;
			};
			name = Debug;
		};
		723044CF1D3E72CC00982952 /* Release */ = {
			isa = XCBuildConfiguration;
			buildSettings = {
				DEFINES_MODULE = YES;
				DYLIB_COMPATIBILITY_VERSION = 1;
				DYLIB_CURRENT_VERSION = 1;
				DYLIB_INSTALL_NAME_BASE = "@rpath";
				FRAMEWORK_SEARCH_PATHS = (
					"$(inherited)",
					"$(PROJECT_DIR)/Carthage/Checkouts/RxSwift/build/Debug-appletvos",
				);
				INFOPLIST_FILE = Sources/ccexperiment/Info.plist;
				INSTALL_PATH = "$(LOCAL_LIBRARY_DIR)/Frameworks";
				LD_RUNPATH_SEARCH_PATHS = "$(inherited) @executable_path/Frameworks @loader_path/Frameworks";
				PRODUCT_BUNDLE_IDENTIFIER = com.gfwgotohell.RxLocationManager;
				PRODUCT_NAME = RxLocationManager_tvOS_CC;
				SDKROOT = appletvos;
				SKIP_INSTALL = YES;
				TARGETED_DEVICE_FAMILY = 3;
				TVOS_DEPLOYMENT_TARGET = 9.2;
			};
			name = Release;
		};
		729F25961D3A03FB00D835B6 /* Debug */ = {
			isa = XCBuildConfiguration;
			buildSettings = {
				DEFINES_MODULE = YES;
				DYLIB_COMPATIBILITY_VERSION = 1;
				DYLIB_CURRENT_VERSION = 1;
				DYLIB_INSTALL_NAME_BASE = "@rpath";
				FRAMEWORK_SEARCH_PATHS = (
					"$(inherited)",
					"$(PROJECT_DIR)/Carthage/Checkouts/RxSwift/build/Debug-appletvos",
				);
				INFOPLIST_FILE = "Sources/tvOS/Info-tvOS.plist";
				INSTALL_PATH = "$(LOCAL_LIBRARY_DIR)/Frameworks";
				LD_RUNPATH_SEARCH_PATHS = "$(inherited) @executable_path/Frameworks @loader_path/Frameworks";
				PRODUCT_BUNDLE_IDENTIFIER = com.gfwgotohell.RxLocationManager;
				PRODUCT_NAME = RxLocationManager;
				SDKROOT = appletvos;
				SKIP_INSTALL = YES;
				TARGETED_DEVICE_FAMILY = 3;
				TVOS_DEPLOYMENT_TARGET = 9.2;
			};
			name = Debug;
		};
		729F25971D3A03FB00D835B6 /* Release */ = {
			isa = XCBuildConfiguration;
			buildSettings = {
				DEFINES_MODULE = YES;
				DYLIB_COMPATIBILITY_VERSION = 1;
				DYLIB_CURRENT_VERSION = 1;
				DYLIB_INSTALL_NAME_BASE = "@rpath";
				FRAMEWORK_SEARCH_PATHS = (
					"$(inherited)",
					"$(PROJECT_DIR)/Carthage/Checkouts/RxSwift/build/Debug-appletvos",
				);
				INFOPLIST_FILE = "Sources/tvOS/Info-tvOS.plist";
				INSTALL_PATH = "$(LOCAL_LIBRARY_DIR)/Frameworks";
				LD_RUNPATH_SEARCH_PATHS = "$(inherited) @executable_path/Frameworks @loader_path/Frameworks";
				PRODUCT_BUNDLE_IDENTIFIER = com.gfwgotohell.RxLocationManager;
				PRODUCT_NAME = RxLocationManager;
				SDKROOT = appletvos;
				SKIP_INSTALL = YES;
				TARGETED_DEVICE_FAMILY = 3;
				TVOS_DEPLOYMENT_TARGET = 9.2;
			};
			name = Release;
		};
		72B335E51D2BEE9E0002FB39 /* Debug */ = {
			isa = XCBuildConfiguration;
			buildSettings = {
				ALWAYS_SEARCH_USER_PATHS = NO;
				CLANG_ANALYZER_NONNULL = YES;
				CLANG_CXX_LANGUAGE_STANDARD = "gnu++0x";
				CLANG_CXX_LIBRARY = "libc++";
				CLANG_ENABLE_MODULES = YES;
				CLANG_ENABLE_OBJC_ARC = YES;
				CLANG_WARN_BOOL_CONVERSION = YES;
				CLANG_WARN_CONSTANT_CONVERSION = YES;
				CLANG_WARN_DIRECT_OBJC_ISA_USAGE = YES_ERROR;
				CLANG_WARN_EMPTY_BODY = YES;
				CLANG_WARN_ENUM_CONVERSION = YES;
				CLANG_WARN_INT_CONVERSION = YES;
				CLANG_WARN_OBJC_ROOT_CLASS = YES_ERROR;
				CLANG_WARN_UNREACHABLE_CODE = YES;
				CLANG_WARN__DUPLICATE_METHOD_MATCH = YES;
				"CODE_SIGN_IDENTITY[sdk=iphoneos*]" = "iPhone Developer";
				COPY_PHASE_STRIP = NO;
				CURRENT_PROJECT_VERSION = 1;
				DEBUG_INFORMATION_FORMAT = dwarf;
				ENABLE_STRICT_OBJC_MSGSEND = YES;
				ENABLE_TESTABILITY = YES;
				GCC_C_LANGUAGE_STANDARD = gnu99;
				GCC_DYNAMIC_NO_PIC = NO;
				GCC_NO_COMMON_BLOCKS = YES;
				GCC_OPTIMIZATION_LEVEL = 0;
				GCC_PREPROCESSOR_DEFINITIONS = (
					"DEBUG=1",
					"$(inherited)",
				);
				GCC_WARN_64_TO_32_BIT_CONVERSION = YES;
				GCC_WARN_ABOUT_RETURN_TYPE = YES_ERROR;
				GCC_WARN_UNDECLARED_SELECTOR = YES;
				GCC_WARN_UNINITIALIZED_AUTOS = YES_AGGRESSIVE;
				GCC_WARN_UNUSED_FUNCTION = YES;
				GCC_WARN_UNUSED_VARIABLE = YES;
				IPHONEOS_DEPLOYMENT_TARGET = 8.0;
				MTL_ENABLE_DEBUG_INFO = YES;
				ONLY_ACTIVE_ARCH = YES;
				SDKROOT = iphoneos;
				SWIFT_OPTIMIZATION_LEVEL = "-Onone";
				TARGETED_DEVICE_FAMILY = "1,2";
				VERSIONING_SYSTEM = "apple-generic";
				VERSION_INFO_PREFIX = "";
			};
			name = Debug;
		};
		72B335E61D2BEE9E0002FB39 /* Release */ = {
			isa = XCBuildConfiguration;
			buildSettings = {
				ALWAYS_SEARCH_USER_PATHS = NO;
				CLANG_ANALYZER_NONNULL = YES;
				CLANG_CXX_LANGUAGE_STANDARD = "gnu++0x";
				CLANG_CXX_LIBRARY = "libc++";
				CLANG_ENABLE_MODULES = YES;
				CLANG_ENABLE_OBJC_ARC = YES;
				CLANG_WARN_BOOL_CONVERSION = YES;
				CLANG_WARN_CONSTANT_CONVERSION = YES;
				CLANG_WARN_DIRECT_OBJC_ISA_USAGE = YES_ERROR;
				CLANG_WARN_EMPTY_BODY = YES;
				CLANG_WARN_ENUM_CONVERSION = YES;
				CLANG_WARN_INT_CONVERSION = YES;
				CLANG_WARN_OBJC_ROOT_CLASS = YES_ERROR;
				CLANG_WARN_UNREACHABLE_CODE = YES;
				CLANG_WARN__DUPLICATE_METHOD_MATCH = YES;
				"CODE_SIGN_IDENTITY[sdk=iphoneos*]" = "iPhone Developer";
				COPY_PHASE_STRIP = NO;
				CURRENT_PROJECT_VERSION = 1;
				DEBUG_INFORMATION_FORMAT = "dwarf-with-dsym";
				ENABLE_NS_ASSERTIONS = NO;
				ENABLE_STRICT_OBJC_MSGSEND = YES;
				GCC_C_LANGUAGE_STANDARD = gnu99;
				GCC_NO_COMMON_BLOCKS = YES;
				GCC_WARN_64_TO_32_BIT_CONVERSION = YES;
				GCC_WARN_ABOUT_RETURN_TYPE = YES_ERROR;
				GCC_WARN_UNDECLARED_SELECTOR = YES;
				GCC_WARN_UNINITIALIZED_AUTOS = YES_AGGRESSIVE;
				GCC_WARN_UNUSED_FUNCTION = YES;
				GCC_WARN_UNUSED_VARIABLE = YES;
				IPHONEOS_DEPLOYMENT_TARGET = 8.0;
				MTL_ENABLE_DEBUG_INFO = NO;
				SDKROOT = iphoneos;
				TARGETED_DEVICE_FAMILY = "1,2";
				VALIDATE_PRODUCT = YES;
				VERSIONING_SYSTEM = "apple-generic";
				VERSION_INFO_PREFIX = "";
			};
			name = Release;
		};
		72B335E81D2BEE9E0002FB39 /* Debug */ = {
			isa = XCBuildConfiguration;
			buildSettings = {
				APPLICATION_EXTENSION_API_ONLY = YES;
				CLANG_ENABLE_MODULES = YES;
				CODE_SIGN_IDENTITY = "iPhone Developer";
				"CODE_SIGN_IDENTITY[sdk=iphoneos*]" = "iPhone Developer";
				DEFINES_MODULE = YES;
				DYLIB_COMPATIBILITY_VERSION = 1;
				DYLIB_CURRENT_VERSION = 1;
				DYLIB_INSTALL_NAME_BASE = "@rpath";
				FRAMEWORK_SEARCH_PATHS = (
					"$(inherited)",
					"$(PROJECT_DIR)/Carthage/Checkouts/RxSwift/build/Debug-iphoneos",
				);
				INFOPLIST_FILE = "Sources/iOS/Info-iOS.plist";
				INSTALL_PATH = "$(LOCAL_LIBRARY_DIR)/Frameworks";
				LD_RUNPATH_SEARCH_PATHS = "$(inherited) @executable_path/Frameworks @loader_path/Frameworks";
				PRODUCT_BUNDLE_IDENTIFIER = com.gfwgotohell.RxLocationManager;
				PRODUCT_NAME = RxLocationManager;
				SKIP_INSTALL = YES;
				SWIFT_OPTIMIZATION_LEVEL = "-Onone";
				TARGETED_DEVICE_FAMILY = "1,2";
			};
			name = Debug;
		};
		72B335E91D2BEE9E0002FB39 /* Release */ = {
			isa = XCBuildConfiguration;
			buildSettings = {
				APPLICATION_EXTENSION_API_ONLY = YES;
				CLANG_ENABLE_MODULES = YES;
				CODE_SIGN_IDENTITY = "iPhone Developer";
				"CODE_SIGN_IDENTITY[sdk=iphoneos*]" = "iPhone Developer";
				DEFINES_MODULE = YES;
				DYLIB_COMPATIBILITY_VERSION = 1;
				DYLIB_CURRENT_VERSION = 1;
				DYLIB_INSTALL_NAME_BASE = "@rpath";
				FRAMEWORK_SEARCH_PATHS = (
					"$(inherited)",
					"$(PROJECT_DIR)/Carthage/Checkouts/RxSwift/build/Debug-iphoneos",
				);
				INFOPLIST_FILE = "Sources/iOS/Info-iOS.plist";
				INSTALL_PATH = "$(LOCAL_LIBRARY_DIR)/Frameworks";
				LD_RUNPATH_SEARCH_PATHS = "$(inherited) @executable_path/Frameworks @loader_path/Frameworks";
				PRODUCT_BUNDLE_IDENTIFIER = com.gfwgotohell.RxLocationManager;
				PRODUCT_NAME = RxLocationManager;
				SKIP_INSTALL = YES;
				TARGETED_DEVICE_FAMILY = "1,2";
			};
			name = Release;
		};
		72B335F41D2BF2960002FB39 /* Debug */ = {
			isa = XCBuildConfiguration;
			buildSettings = {
				APPLICATION_EXTENSION_API_ONLY = YES;
				DEFINES_MODULE = YES;
				DYLIB_COMPATIBILITY_VERSION = 1;
				DYLIB_CURRENT_VERSION = 1;
				DYLIB_INSTALL_NAME_BASE = "@rpath";
				FRAMEWORK_SEARCH_PATHS = (
					"$(inherited)",
					"$(PROJECT_DIR)/Carthage/Checkouts/RxSwift/build/Debug-watchos",
				);
				INFOPLIST_FILE = "Sources/watchOS/Info-watchOS.plist";
				INSTALL_PATH = "$(LOCAL_LIBRARY_DIR)/Frameworks";
				LD_RUNPATH_SEARCH_PATHS = "$(inherited) @executable_path/Frameworks @loader_path/Frameworks";
				PRODUCT_BUNDLE_IDENTIFIER = com.gfwgth.RxLocationManager;
				PRODUCT_NAME = RxLocationManager;
				SDKROOT = watchos;
				SKIP_INSTALL = YES;
				TARGETED_DEVICE_FAMILY = 4;
				WATCHOS_DEPLOYMENT_TARGET = 2.0;
			};
			name = Debug;
		};
		72B335F51D2BF2960002FB39 /* Release */ = {
			isa = XCBuildConfiguration;
			buildSettings = {
				APPLICATION_EXTENSION_API_ONLY = YES;
				DEFINES_MODULE = YES;
				DYLIB_COMPATIBILITY_VERSION = 1;
				DYLIB_CURRENT_VERSION = 1;
				DYLIB_INSTALL_NAME_BASE = "@rpath";
				FRAMEWORK_SEARCH_PATHS = (
					"$(inherited)",
					"$(PROJECT_DIR)/Carthage/Checkouts/RxSwift/build/Debug-watchos",
				);
				INFOPLIST_FILE = "Sources/watchOS/Info-watchOS.plist";
				INSTALL_PATH = "$(LOCAL_LIBRARY_DIR)/Frameworks";
				LD_RUNPATH_SEARCH_PATHS = "$(inherited) @executable_path/Frameworks @loader_path/Frameworks";
				PRODUCT_BUNDLE_IDENTIFIER = com.gfwgth.RxLocationManager;
				PRODUCT_NAME = RxLocationManager;
				SDKROOT = watchos;
				SKIP_INSTALL = YES;
				TARGETED_DEVICE_FAMILY = 4;
				WATCHOS_DEPLOYMENT_TARGET = 2.0;
			};
			name = Release;
		};
		72F970681D39363B0020F65C /* Debug */ = {
			isa = XCBuildConfiguration;
			buildSettings = {
				CODE_SIGN_IDENTITY = "-";
				COMBINE_HIDPI_IMAGES = YES;
				DEFINES_MODULE = YES;
				DYLIB_COMPATIBILITY_VERSION = 1;
				DYLIB_CURRENT_VERSION = 1;
				DYLIB_INSTALL_NAME_BASE = "@rpath";
				FRAMEWORK_SEARCH_PATHS = (
					"$(inherited)",
					"$(PROJECT_DIR)/Carthage/Checkouts/RxSwift/build/Debug",
				);
				FRAMEWORK_VERSION = A;
				INFOPLIST_FILE = "Sources/macOS/Info-macOS.plist";
				INSTALL_PATH = "$(LOCAL_LIBRARY_DIR)/Frameworks";
				LD_RUNPATH_SEARCH_PATHS = "$(inherited) @executable_path/../Frameworks @loader_path/Frameworks";
				MACOSX_DEPLOYMENT_TARGET = 10.10;
				PRODUCT_BUNDLE_IDENTIFIER = com.gfwgotohell.RxLocationManager;
				PRODUCT_NAME = RxLocationManager;
				SDKROOT = macosx;
				SKIP_INSTALL = YES;
			};
			name = Debug;
		};
		72F970691D39363B0020F65C /* Release */ = {
			isa = XCBuildConfiguration;
			buildSettings = {
				CODE_SIGN_IDENTITY = "-";
				COMBINE_HIDPI_IMAGES = YES;
				DEFINES_MODULE = YES;
				DYLIB_COMPATIBILITY_VERSION = 1;
				DYLIB_CURRENT_VERSION = 1;
				DYLIB_INSTALL_NAME_BASE = "@rpath";
				FRAMEWORK_SEARCH_PATHS = (
					"$(inherited)",
					"$(PROJECT_DIR)/Carthage/Checkouts/RxSwift/build/Debug",
				);
				FRAMEWORK_VERSION = A;
				INFOPLIST_FILE = "Sources/macOS/Info-macOS.plist";
				INSTALL_PATH = "$(LOCAL_LIBRARY_DIR)/Frameworks";
				LD_RUNPATH_SEARCH_PATHS = "$(inherited) @executable_path/../Frameworks @loader_path/Frameworks";
				MACOSX_DEPLOYMENT_TARGET = 10.10;
				PRODUCT_BUNDLE_IDENTIFIER = com.gfwgotohell.RxLocationManager;
				PRODUCT_NAME = RxLocationManager;
				SDKROOT = macosx;
				SKIP_INSTALL = YES;
			};
			name = Release;
		};
		72FC15991D3256650051FB39 /* Debug */ = {
			isa = XCBuildConfiguration;
			buildSettings = {
				ASSETCATALOG_COMPILER_APPICON_NAME = AppIcon;
				CODE_SIGN_IDENTITY = "iPhone Developer";
				"CODE_SIGN_IDENTITY[sdk=iphoneos*]" = "iPhone Developer";
				EMBEDDED_CONTENT_CONTAINS_SWIFT = YES;
				FRAMEWORK_SEARCH_PATHS = (
					"$(inherited)",
					"$(PROJECT_DIR)/Carthage/Checkouts/RxSwift/build/Debug-iphoneos",
				);
				INFOPLIST_FILE = RxLocationManagerDemo/Info.plist;
				IPHONEOS_DEPLOYMENT_TARGET = 9.3;
				LD_RUNPATH_SEARCH_PATHS = "$(inherited) @executable_path/Frameworks";
				PRODUCT_BUNDLE_IDENTIFIER = com.gfwgotohell.RxLocationManagerDemo;
				PRODUCT_NAME = "$(TARGET_NAME)";
				PROVISIONING_PROFILE = "";
				TARGETED_DEVICE_FAMILY = 1;
			};
			name = Debug;
		};
		72FC159A1D3256650051FB39 /* Release */ = {
			isa = XCBuildConfiguration;
			buildSettings = {
				ASSETCATALOG_COMPILER_APPICON_NAME = AppIcon;
				CODE_SIGN_IDENTITY = "iPhone Developer";
				"CODE_SIGN_IDENTITY[sdk=iphoneos*]" = "iPhone Developer";
				EMBEDDED_CONTENT_CONTAINS_SWIFT = YES;
				FRAMEWORK_SEARCH_PATHS = (
					"$(inherited)",
					"$(PROJECT_DIR)/Carthage/Checkouts/RxSwift/build/Debug-iphoneos",
				);
				INFOPLIST_FILE = RxLocationManagerDemo/Info.plist;
				IPHONEOS_DEPLOYMENT_TARGET = 9.3;
				LD_RUNPATH_SEARCH_PATHS = "$(inherited) @executable_path/Frameworks";
				PRODUCT_BUNDLE_IDENTIFIER = com.gfwgotohell.RxLocationManagerDemo;
				PRODUCT_NAME = "$(TARGET_NAME)";
				PROVISIONING_PROFILE = "";
				TARGETED_DEVICE_FAMILY = 1;
			};
			name = Release;
		};
/* End XCBuildConfiguration section */

/* Begin XCConfigurationList section */
		723044981D3E58AF00982952 /* Build configuration list for PBXNativeTarget "RxLocationManager iOS cc" */ = {
			isa = XCConfigurationList;
			buildConfigurations = (
				723044991D3E58AF00982952 /* Debug */,
				7230449A1D3E58AF00982952 /* Release */,
			);
			defaultConfigurationIsVisible = 0;
			defaultConfigurationName = Release;
		};
		723044A91D3E66B300982952 /* Build configuration list for PBXNativeTarget "RxLocationManager macOS cc" */ = {
			isa = XCConfigurationList;
			buildConfigurations = (
				723044AA1D3E66B300982952 /* Debug */,
				723044AB1D3E66B300982952 /* Release */,
			);
			defaultConfigurationIsVisible = 0;
			defaultConfigurationName = Release;
		};
		723044BD1D3E714300982952 /* Build configuration list for PBXNativeTarget "RxLocationManager watchOS cc" */ = {
			isa = XCConfigurationList;
			buildConfigurations = (
				723044BE1D3E714300982952 /* Debug */,
				723044BF1D3E714300982952 /* Release */,
			);
			defaultConfigurationIsVisible = 0;
			defaultConfigurationName = Release;
		};
		723044CD1D3E72CC00982952 /* Build configuration list for PBXNativeTarget "RxLocationManager tvOS cc" */ = {
			isa = XCConfigurationList;
			buildConfigurations = (
				723044CE1D3E72CC00982952 /* Debug */,
				723044CF1D3E72CC00982952 /* Release */,
			);
			defaultConfigurationIsVisible = 0;
			defaultConfigurationName = Release;
		};
		729F25951D3A03FB00D835B6 /* Build configuration list for PBXNativeTarget "RxLocationManager tvOS" */ = {
			isa = XCConfigurationList;
			buildConfigurations = (
				729F25961D3A03FB00D835B6 /* Debug */,
				729F25971D3A03FB00D835B6 /* Release */,
			);
			defaultConfigurationIsVisible = 0;
			defaultConfigurationName = Release;
		};
		72B335D91D2BEE9E0002FB39 /* Build configuration list for PBXProject "RxLocationManager" */ = {
			isa = XCConfigurationList;
			buildConfigurations = (
				72B335E51D2BEE9E0002FB39 /* Debug */,
				72B335E61D2BEE9E0002FB39 /* Release */,
			);
			defaultConfigurationIsVisible = 0;
			defaultConfigurationName = Release;
		};
		72B335E71D2BEE9E0002FB39 /* Build configuration list for PBXNativeTarget "RxLocationManager iOS" */ = {
			isa = XCConfigurationList;
			buildConfigurations = (
				72B335E81D2BEE9E0002FB39 /* Debug */,
				72B335E91D2BEE9E0002FB39 /* Release */,
			);
			defaultConfigurationIsVisible = 0;
			defaultConfigurationName = Release;
		};
		72B335F61D2BF2960002FB39 /* Build configuration list for PBXNativeTarget "RxLocationManager watchOS" */ = {
			isa = XCConfigurationList;
			buildConfigurations = (
				72B335F41D2BF2960002FB39 /* Debug */,
				72B335F51D2BF2960002FB39 /* Release */,
			);
			defaultConfigurationIsVisible = 0;
			defaultConfigurationName = Release;
		};
		72F970671D39363B0020F65C /* Build configuration list for PBXNativeTarget "RxLocationManager macOS" */ = {
			isa = XCConfigurationList;
			buildConfigurations = (
				72F970681D39363B0020F65C /* Debug */,
				72F970691D39363B0020F65C /* Release */,
			);
			defaultConfigurationIsVisible = 0;
			defaultConfigurationName = Release;
		};
		72FC15981D3256650051FB39 /* Build configuration list for PBXNativeTarget "RxLocationManagerDemo" */ = {
			isa = XCConfigurationList;
			buildConfigurations = (
				72FC15991D3256650051FB39 /* Debug */,
				72FC159A1D3256650051FB39 /* Release */,
			);
			defaultConfigurationIsVisible = 0;
			defaultConfigurationName = Release;
		};
/* End XCConfigurationList section */
	};
	rootObject = 72B335D61D2BEE9E0002FB39 /* Project object */;
}
