// !$*UTF8*$!
{
	archiveVersion = 1;
	classes = {
	};
	objectVersion = 46;
	objects = {

/* Begin PBXBuildFile section */
		724DF7241D2D57970024AB3C /* RxSwift.framework in Frameworks */ = {isa = PBXBuildFile; fileRef = 724DF7221D2D57970024AB3C /* RxSwift.framework */; };
		724DF72F1D2D5A1C0024AB3C /* nextId.swift in Sources */ = {isa = PBXBuildFile; fileRef = 724DF72E1D2D5A1C0024AB3C /* nextId.swift */; };
		724DF7301D2D5A1C0024AB3C /* nextId.swift in Sources */ = {isa = PBXBuildFile; fileRef = 724DF72E1D2D5A1C0024AB3C /* nextId.swift */; };
		729F25831D39FDF800D835B6 /* Bridge.swift in Sources */ = {isa = PBXBuildFile; fileRef = 729F257A1D39FDF800D835B6 /* Bridge.swift */; };
		729F25881D39FDF900D835B6 /* RxLocationManager.swift in Sources */ = {isa = PBXBuildFile; fileRef = 729F257F1D39FDF800D835B6 /* RxLocationManager.swift */; };
		729F258A1D39FDF900D835B6 /* StandardLocationService.swift in Sources */ = {isa = PBXBuildFile; fileRef = 729F25811D39FDF800D835B6 /* StandardLocationService.swift */; };
		72B336091D2C05990002FB39 /* RxSwift.framework in Frameworks */ = {isa = PBXBuildFile; fileRef = 72B336081D2C05990002FB39 /* RxSwift.framework */; };
		72F9706A1D3936F50020F65C /* nextId.swift in Sources */ = {isa = PBXBuildFile; fileRef = 724DF72E1D2D5A1C0024AB3C /* nextId.swift */; };
		72F970751D39370A0020F65C /* RxSwift.framework in Frameworks */ = {isa = PBXBuildFile; fileRef = 72F970741D39370A0020F65C /* RxSwift.framework */; };
		72F970861D3946450020F65C /* Info-iOS.plist in Resources */ = {isa = PBXBuildFile; fileRef = 72F9707C1D3946450020F65C /* Info-iOS.plist */; };
		72F9708C1D3946620020F65C /* BeaconRangingService.swift in Sources */ = {isa = PBXBuildFile; fileRef = 72F970791D3946450020F65C /* BeaconRangingService.swift */; };
		72F9708D1D3946620020F65C /* Bridge.swift in Sources */ = {isa = PBXBuildFile; fileRef = 72F9707A1D3946450020F65C /* Bridge.swift */; };
		72F9708E1D3946620020F65C /* HeadingUpdateService.swift in Sources */ = {isa = PBXBuildFile; fileRef = 72F9707B1D3946450020F65C /* HeadingUpdateService.swift */; };
		72F9708F1D3946620020F65C /* MonitoringVisitsService.swift in Sources */ = {isa = PBXBuildFile; fileRef = 72F9707D1D3946450020F65C /* MonitoringVisitsService.swift */; };
		72F970901D3946620020F65C /* RegionMonitoringService.swift in Sources */ = {isa = PBXBuildFile; fileRef = 72F9707E1D3946450020F65C /* RegionMonitoringService.swift */; };
		72F970921D3946620020F65C /* RxLocationManager.swift in Sources */ = {isa = PBXBuildFile; fileRef = 72F970801D3946450020F65C /* RxLocationManager.swift */; };
		72F970931D3946620020F65C /* SignificantLocationUpdateService.swift in Sources */ = {isa = PBXBuildFile; fileRef = 72F970811D3946450020F65C /* SignificantLocationUpdateService.swift */; };
		72F970941D3946620020F65C /* StandardLocationService.swift in Sources */ = {isa = PBXBuildFile; fileRef = 72F970821D3946450020F65C /* StandardLocationService.swift */; };
		72F970A21D394A3A0020F65C /* Info-macOS.plist in Resources */ = {isa = PBXBuildFile; fileRef = 72F970991D394A3A0020F65C /* Info-macOS.plist */; };
		72F970A81D394C5D0020F65C /* Bridge.swift in Sources */ = {isa = PBXBuildFile; fileRef = 72F970971D394A3A0020F65C /* Bridge.swift */; };
		72F970AB1D394C5D0020F65C /* RegionMonitoringService.swift in Sources */ = {isa = PBXBuildFile; fileRef = 72F9709B1D394A3A0020F65C /* RegionMonitoringService.swift */; };
		72F970AC1D394C5D0020F65C /* RxLocationManager.swift in Sources */ = {isa = PBXBuildFile; fileRef = 72F9709C1D394A3A0020F65C /* RxLocationManager.swift */; };
		72F970AD1D394C5D0020F65C /* SignificantLocationUpdateService.swift in Sources */ = {isa = PBXBuildFile; fileRef = 72F9709D1D394A3A0020F65C /* SignificantLocationUpdateService.swift */; };
		72F970AE1D394C5D0020F65C /* StandardLocationService.swift in Sources */ = {isa = PBXBuildFile; fileRef = 72F9709E1D394A3A0020F65C /* StandardLocationService.swift */; };
		72F970AF1D3951570020F65C /* AppDelegate.swift in Sources */ = {isa = PBXBuildFile; fileRef = 72FC158B1D3256650051FB39 /* AppDelegate.swift */; };
		72F970B01D3951570020F65C /* RootViewController.swift in Sources */ = {isa = PBXBuildFile; fileRef = 72FC158D1D3256650051FB39 /* RootViewController.swift */; };
		72F970B11D3951570020F65C /* StandardLocationServiceViewController.swift in Sources */ = {isa = PBXBuildFile; fileRef = 72FC15AC1D32A6650051FB39 /* StandardLocationServiceViewController.swift */; };
		72F970B21D3951570020F65C /* SignificantLocationUpdateViewController.swift in Sources */ = {isa = PBXBuildFile; fileRef = 723217051D3539A700F46CEC /* SignificantLocationUpdateViewController.swift */; };
		72F970B31D3951570020F65C /* HeadingUpdateServiceViewController.swift in Sources */ = {isa = PBXBuildFile; fileRef = 721AD1181D367F2000744B42 /* HeadingUpdateServiceViewController.swift */; };
		72F970B41D3951570020F65C /* RegionMonitoringServiceViewController.swift in Sources */ = {isa = PBXBuildFile; fileRef = 72F970571D378E2B0020F65C /* RegionMonitoringServiceViewController.swift */; };
		72F970B51D3951570020F65C /* MonitoredCircleRegionTableViewCell.swift in Sources */ = {isa = PBXBuildFile; fileRef = 72F970591D37B9A70020F65C /* MonitoredCircleRegionTableViewCell.swift */; };
		72F970B61D3951570020F65C /* VisitMonitoringViewController.swift in Sources */ = {isa = PBXBuildFile; fileRef = 72F9705B1D3913F90020F65C /* VisitMonitoringViewController.swift */; };
		72FC15911D3256650051FB39 /* Main.storyboard in Resources */ = {isa = PBXBuildFile; fileRef = 72FC158F1D3256650051FB39 /* Main.storyboard */; };
		72FC15931D3256650051FB39 /* Assets.xcassets in Resources */ = {isa = PBXBuildFile; fileRef = 72FC15921D3256650051FB39 /* Assets.xcassets */; };
		72FC15961D3256650051FB39 /* LaunchScreen.storyboard in Resources */ = {isa = PBXBuildFile; fileRef = 72FC15941D3256650051FB39 /* LaunchScreen.storyboard */; };
		72FC15A91D326FA10051FB39 /* RxLocationManager.framework in Frameworks */ = {isa = PBXBuildFile; fileRef = 72B335DF1D2BEE9E0002FB39 /* RxLocationManager.framework */; };
/* End PBXBuildFile section */

/* Begin PBXContainerItemProxy section */
		72F970B71D3951750020F65C /* PBXContainerItemProxy */ = {
			isa = PBXContainerItemProxy;
			containerPortal = 72B335D61D2BEE9E0002FB39 /* Project object */;
			proxyType = 1;
			remoteGlobalIDString = 72B335DE1D2BEE9E0002FB39;
			remoteInfo = "RxLocationManager iOS";
		};
/* End PBXContainerItemProxy section */

/* Begin PBXFileReference section */
		721AD1181D367F2000744B42 /* HeadingUpdateServiceViewController.swift */ = {isa = PBXFileReference; fileEncoding = 4; lastKnownFileType = sourcecode.swift; path = HeadingUpdateServiceViewController.swift; sourceTree = "<group>"; };
		723217051D3539A700F46CEC /* SignificantLocationUpdateViewController.swift */ = {isa = PBXFileReference; fileEncoding = 4; lastKnownFileType = sourcecode.swift; name = SignificantLocationUpdateViewController.swift; path = RxLocationManagerDemo/SignificantLocationUpdateViewController.swift; sourceTree = SOURCE_ROOT; };
		724DF7191D2D56580024AB3C /* RxCocoa.framework */ = {isa = PBXFileReference; lastKnownFileType = wrapper.framework; name = RxCocoa.framework; path = "Carthage/Checkouts/RxSwift/build/Debug-iphoneos/RxCocoa.framework"; sourceTree = "<group>"; };
		724DF7211D2D57970024AB3C /* RxCocoa.framework */ = {isa = PBXFileReference; lastKnownFileType = wrapper.framework; name = RxCocoa.framework; path = "../../Library/Developer/Xcode/DerivedData/RxLocationManager-forrdtavsxtttydggcxklgyodsnw/Build/Products/Debug-iphonesimulator/RxCocoa.framework"; sourceTree = "<group>"; };
		724DF7221D2D57970024AB3C /* RxSwift.framework */ = {isa = PBXFileReference; lastKnownFileType = wrapper.framework; name = RxSwift.framework; path = "../../Library/Developer/Xcode/DerivedData/RxLocationManager-forrdtavsxtttydggcxklgyodsnw/Build/Products/Debug-iphonesimulator/RxSwift.framework"; sourceTree = "<group>"; };
		724DF72E1D2D5A1C0024AB3C /* nextId.swift */ = {isa = PBXFileReference; fileEncoding = 4; lastKnownFileType = sourcecode.swift; path = nextId.swift; sourceTree = "<group>"; };
		729F257A1D39FDF800D835B6 /* Bridge.swift */ = {isa = PBXFileReference; fileEncoding = 4; lastKnownFileType = sourcecode.swift; name = Bridge.swift; path = watchOS/Bridge.swift; sourceTree = "<group>"; };
		729F257C1D39FDF800D835B6 /* Info-watchOS.plist */ = {isa = PBXFileReference; fileEncoding = 4; lastKnownFileType = text.plist.xml; name = "Info-watchOS.plist"; path = "watchOS/Info-watchOS.plist"; sourceTree = "<group>"; };
		729F257F1D39FDF800D835B6 /* RxLocationManager.swift */ = {isa = PBXFileReference; fileEncoding = 4; lastKnownFileType = sourcecode.swift; name = RxLocationManager.swift; path = watchOS/RxLocationManager.swift; sourceTree = "<group>"; };
		729F25811D39FDF800D835B6 /* StandardLocationService.swift */ = {isa = PBXFileReference; fileEncoding = 4; lastKnownFileType = sourcecode.swift; name = StandardLocationService.swift; path = watchOS/StandardLocationService.swift; sourceTree = "<group>"; };
		72B335DF1D2BEE9E0002FB39 /* RxLocationManager.framework */ = {isa = PBXFileReference; explicitFileType = wrapper.framework; includeInIndex = 0; path = RxLocationManager.framework; sourceTree = BUILT_PRODUCTS_DIR; };
		72B335EF1D2BF2960002FB39 /* RxLocationManager.framework */ = {isa = PBXFileReference; explicitFileType = wrapper.framework; includeInIndex = 0; path = RxLocationManager.framework; sourceTree = BUILT_PRODUCTS_DIR; };
		72B336071D2BFF980002FB39 /* RxLocationManager.podspec */ = {isa = PBXFileReference; lastKnownFileType = text; path = RxLocationManager.podspec; sourceTree = "<group>"; };
		72B336081D2C05990002FB39 /* RxSwift.framework */ = {isa = PBXFileReference; lastKnownFileType = wrapper.framework; name = RxSwift.framework; path = "Carthage/Checkouts/RxSwift/build/Debug-iphoneos/RxSwift.framework"; sourceTree = "<group>"; };
		72F970571D378E2B0020F65C /* RegionMonitoringServiceViewController.swift */ = {isa = PBXFileReference; fileEncoding = 4; lastKnownFileType = sourcecode.swift; path = RegionMonitoringServiceViewController.swift; sourceTree = "<group>"; };
		72F970591D37B9A70020F65C /* MonitoredCircleRegionTableViewCell.swift */ = {isa = PBXFileReference; fileEncoding = 4; lastKnownFileType = sourcecode.swift; path = MonitoredCircleRegionTableViewCell.swift; sourceTree = "<group>"; };
		72F9705B1D3913F90020F65C /* VisitMonitoringViewController.swift */ = {isa = PBXFileReference; fileEncoding = 4; lastKnownFileType = sourcecode.swift; path = VisitMonitoringViewController.swift; sourceTree = "<group>"; };
		72F970621D39363B0020F65C /* RxLocationManager.framework */ = {isa = PBXFileReference; explicitFileType = wrapper.framework; includeInIndex = 0; path = RxLocationManager.framework; sourceTree = BUILT_PRODUCTS_DIR; };
		72F970741D39370A0020F65C /* RxSwift.framework */ = {isa = PBXFileReference; lastKnownFileType = wrapper.framework; name = RxSwift.framework; path = Carthage/Checkouts/RxSwift/build/Debug/RxSwift.framework; sourceTree = "<group>"; };
		72F970791D3946450020F65C /* BeaconRangingService.swift */ = {isa = PBXFileReference; fileEncoding = 4; lastKnownFileType = sourcecode.swift; name = BeaconRangingService.swift; path = iOS/BeaconRangingService.swift; sourceTree = "<group>"; };
		72F9707A1D3946450020F65C /* Bridge.swift */ = {isa = PBXFileReference; fileEncoding = 4; lastKnownFileType = sourcecode.swift; name = Bridge.swift; path = iOS/Bridge.swift; sourceTree = "<group>"; };
		72F9707B1D3946450020F65C /* HeadingUpdateService.swift */ = {isa = PBXFileReference; fileEncoding = 4; lastKnownFileType = sourcecode.swift; name = HeadingUpdateService.swift; path = iOS/HeadingUpdateService.swift; sourceTree = "<group>"; };
		72F9707C1D3946450020F65C /* Info-iOS.plist */ = {isa = PBXFileReference; fileEncoding = 4; lastKnownFileType = text.plist.xml; name = "Info-iOS.plist"; path = "iOS/Info-iOS.plist"; sourceTree = "<group>"; };
		72F9707D1D3946450020F65C /* MonitoringVisitsService.swift */ = {isa = PBXFileReference; fileEncoding = 4; lastKnownFileType = sourcecode.swift; name = MonitoringVisitsService.swift; path = iOS/MonitoringVisitsService.swift; sourceTree = "<group>"; };
		72F9707E1D3946450020F65C /* RegionMonitoringService.swift */ = {isa = PBXFileReference; fileEncoding = 4; lastKnownFileType = sourcecode.swift; name = RegionMonitoringService.swift; path = iOS/RegionMonitoringService.swift; sourceTree = "<group>"; };
		72F970801D3946450020F65C /* RxLocationManager.swift */ = {isa = PBXFileReference; fileEncoding = 4; lastKnownFileType = sourcecode.swift; name = RxLocationManager.swift; path = iOS/RxLocationManager.swift; sourceTree = "<group>"; };
		72F970811D3946450020F65C /* SignificantLocationUpdateService.swift */ = {isa = PBXFileReference; fileEncoding = 4; lastKnownFileType = sourcecode.swift; name = SignificantLocationUpdateService.swift; path = iOS/SignificantLocationUpdateService.swift; sourceTree = "<group>"; };
		72F970821D3946450020F65C /* StandardLocationService.swift */ = {isa = PBXFileReference; fileEncoding = 4; lastKnownFileType = sourcecode.swift; name = StandardLocationService.swift; path = iOS/StandardLocationService.swift; sourceTree = "<group>"; };
		72F970971D394A3A0020F65C /* Bridge.swift */ = {isa = PBXFileReference; fileEncoding = 4; lastKnownFileType = sourcecode.swift; name = Bridge.swift; path = macOS/Bridge.swift; sourceTree = "<group>"; };
		72F970991D394A3A0020F65C /* Info-macOS.plist */ = {isa = PBXFileReference; fileEncoding = 4; lastKnownFileType = text.plist.xml; name = "Info-macOS.plist"; path = "macOS/Info-macOS.plist"; sourceTree = "<group>"; };
		72F9709B1D394A3A0020F65C /* RegionMonitoringService.swift */ = {isa = PBXFileReference; fileEncoding = 4; lastKnownFileType = sourcecode.swift; name = RegionMonitoringService.swift; path = macOS/RegionMonitoringService.swift; sourceTree = "<group>"; };
		72F9709C1D394A3A0020F65C /* RxLocationManager.swift */ = {isa = PBXFileReference; fileEncoding = 4; lastKnownFileType = sourcecode.swift; name = RxLocationManager.swift; path = macOS/RxLocationManager.swift; sourceTree = "<group>"; };
		72F9709D1D394A3A0020F65C /* SignificantLocationUpdateService.swift */ = {isa = PBXFileReference; fileEncoding = 4; lastKnownFileType = sourcecode.swift; name = SignificantLocationUpdateService.swift; path = macOS/SignificantLocationUpdateService.swift; sourceTree = "<group>"; };
		72F9709E1D394A3A0020F65C /* StandardLocationService.swift */ = {isa = PBXFileReference; fileEncoding = 4; lastKnownFileType = sourcecode.swift; name = StandardLocationService.swift; path = macOS/StandardLocationService.swift; sourceTree = "<group>"; };
		72FC15891D3256640051FB39 /* RxLocationManagerDemo.app */ = {isa = PBXFileReference; explicitFileType = wrapper.application; includeInIndex = 0; path = RxLocationManagerDemo.app; sourceTree = BUILT_PRODUCTS_DIR; };
		72FC158B1D3256650051FB39 /* AppDelegate.swift */ = {isa = PBXFileReference; lastKnownFileType = sourcecode.swift; path = AppDelegate.swift; sourceTree = "<group>"; };
		72FC158D1D3256650051FB39 /* RootViewController.swift */ = {isa = PBXFileReference; lastKnownFileType = sourcecode.swift; path = RootViewController.swift; sourceTree = "<group>"; };
		72FC15901D3256650051FB39 /* Base */ = {isa = PBXFileReference; lastKnownFileType = file.storyboard; name = Base; path = Base.lproj/Main.storyboard; sourceTree = "<group>"; };
		72FC15921D3256650051FB39 /* Assets.xcassets */ = {isa = PBXFileReference; lastKnownFileType = folder.assetcatalog; path = Assets.xcassets; sourceTree = "<group>"; };
		72FC15951D3256650051FB39 /* Base */ = {isa = PBXFileReference; lastKnownFileType = file.storyboard; name = Base; path = Base.lproj/LaunchScreen.storyboard; sourceTree = "<group>"; };
		72FC15971D3256650051FB39 /* Info.plist */ = {isa = PBXFileReference; lastKnownFileType = text.plist.xml; path = Info.plist; sourceTree = "<group>"; };
		72FC15AC1D32A6650051FB39 /* StandardLocationServiceViewController.swift */ = {isa = PBXFileReference; fileEncoding = 4; lastKnownFileType = sourcecode.swift; path = StandardLocationServiceViewController.swift; sourceTree = "<group>"; };
/* End PBXFileReference section */

/* Begin PBXFrameworksBuildPhase section */
		72B335DB1D2BEE9E0002FB39 /* Frameworks */ = {
			isa = PBXFrameworksBuildPhase;
			buildActionMask = 2147483647;
			files = (
				72B336091D2C05990002FB39 /* RxSwift.framework in Frameworks */,
			);
			runOnlyForDeploymentPostprocessing = 0;
		};
		72B335EB1D2BF2960002FB39 /* Frameworks */ = {
			isa = PBXFrameworksBuildPhase;
			buildActionMask = 2147483647;
			files = (
				724DF7241D2D57970024AB3C /* RxSwift.framework in Frameworks */,
			);
			runOnlyForDeploymentPostprocessing = 0;
		};
		72F9705E1D39363B0020F65C /* Frameworks */ = {
			isa = PBXFrameworksBuildPhase;
			buildActionMask = 2147483647;
			files = (
				72F970751D39370A0020F65C /* RxSwift.framework in Frameworks */,
			);
			runOnlyForDeploymentPostprocessing = 0;
		};
		72FC15861D3256640051FB39 /* Frameworks */ = {
			isa = PBXFrameworksBuildPhase;
			buildActionMask = 2147483647;
			files = (
				72FC15A91D326FA10051FB39 /* RxLocationManager.framework in Frameworks */,
			);
			runOnlyForDeploymentPostprocessing = 0;
		};
/* End PBXFrameworksBuildPhase section */

/* Begin PBXGroup section */
		729F25781D39FDAE00D835B6 /* watchOS */ = {
			isa = PBXGroup;
			children = (
				729F257A1D39FDF800D835B6 /* Bridge.swift */,
				729F257C1D39FDF800D835B6 /* Info-watchOS.plist */,
				729F257F1D39FDF800D835B6 /* RxLocationManager.swift */,
				729F25811D39FDF800D835B6 /* StandardLocationService.swift */,
			);
			name = watchOS;
			sourceTree = "<group>";
		};
		72B335D51D2BEE9E0002FB39 = {
			isa = PBXGroup;
			children = (
				72FC158A1D3256650051FB39 /* RxLocationManagerDemo */,
				72B3360A1D2C065D0002FB39 /* Frameworks */,
				72B336061D2BFE160002FB39 /* Metadata */,
				72B336001D2BF6C00002FB39 /* Sources */,
				72B335E01D2BEE9E0002FB39 /* Products */,
			);
			sourceTree = "<group>";
		};
		72B335E01D2BEE9E0002FB39 /* Products */ = {
			isa = PBXGroup;
			children = (
				72B335DF1D2BEE9E0002FB39 /* RxLocationManager.framework */,
				72B335EF1D2BF2960002FB39 /* RxLocationManager.framework */,
				72FC15891D3256640051FB39 /* RxLocationManagerDemo.app */,
				72F970621D39363B0020F65C /* RxLocationManager.framework */,
			);
			name = Products;
			sourceTree = "<group>";
		};
		72B336001D2BF6C00002FB39 /* Sources */ = {
			isa = PBXGroup;
			children = (
				72F970781D3946360020F65C /* iOS */,
				72F970951D3949A30020F65C /* macOS */,
				729F25781D39FDAE00D835B6 /* watchOS */,
				724DF72E1D2D5A1C0024AB3C /* nextId.swift */,
			);
			path = Sources;
			sourceTree = "<group>";
		};
		72B336061D2BFE160002FB39 /* Metadata */ = {
			isa = PBXGroup;
			children = (
				72B336071D2BFF980002FB39 /* RxLocationManager.podspec */,
			);
			name = Metadata;
			sourceTree = "<group>";
		};
		72B3360A1D2C065D0002FB39 /* Frameworks */ = {
			isa = PBXGroup;
			children = (
				72F970741D39370A0020F65C /* RxSwift.framework */,
				724DF7211D2D57970024AB3C /* RxCocoa.framework */,
				724DF7221D2D57970024AB3C /* RxSwift.framework */,
				724DF7191D2D56580024AB3C /* RxCocoa.framework */,
				72B336081D2C05990002FB39 /* RxSwift.framework */,
			);
			name = Frameworks;
			sourceTree = "<group>";
		};
		72F970781D3946360020F65C /* iOS */ = {
			isa = PBXGroup;
			children = (
				72F970791D3946450020F65C /* BeaconRangingService.swift */,
				72F9707A1D3946450020F65C /* Bridge.swift */,
				72F9707B1D3946450020F65C /* HeadingUpdateService.swift */,
				72F9707C1D3946450020F65C /* Info-iOS.plist */,
				72F9707D1D3946450020F65C /* MonitoringVisitsService.swift */,
				72F9707E1D3946450020F65C /* RegionMonitoringService.swift */,
				72F970801D3946450020F65C /* RxLocationManager.swift */,
				72F970811D3946450020F65C /* SignificantLocationUpdateService.swift */,
				72F970821D3946450020F65C /* StandardLocationService.swift */,
			);
			name = iOS;
			sourceTree = "<group>";
		};
		72F970951D3949A30020F65C /* macOS */ = {
			isa = PBXGroup;
			children = (
				72F970971D394A3A0020F65C /* Bridge.swift */,
				72F970991D394A3A0020F65C /* Info-macOS.plist */,
				72F9709B1D394A3A0020F65C /* RegionMonitoringService.swift */,
				72F9709C1D394A3A0020F65C /* RxLocationManager.swift */,
				72F9709D1D394A3A0020F65C /* SignificantLocationUpdateService.swift */,
				72F9709E1D394A3A0020F65C /* StandardLocationService.swift */,
			);
			name = macOS;
			sourceTree = "<group>";
		};
		72FC158A1D3256650051FB39 /* RxLocationManagerDemo */ = {
			isa = PBXGroup;
			children = (
				72FC158B1D3256650051FB39 /* AppDelegate.swift */,
				72FC158D1D3256650051FB39 /* RootViewController.swift */,
				72FC158F1D3256650051FB39 /* Main.storyboard */,
				72FC15921D3256650051FB39 /* Assets.xcassets */,
				72FC15941D3256650051FB39 /* LaunchScreen.storyboard */,
				72FC15971D3256650051FB39 /* Info.plist */,
				72FC15AC1D32A6650051FB39 /* StandardLocationServiceViewController.swift */,
				723217051D3539A700F46CEC /* SignificantLocationUpdateViewController.swift */,
				721AD1181D367F2000744B42 /* HeadingUpdateServiceViewController.swift */,
				72F970571D378E2B0020F65C /* RegionMonitoringServiceViewController.swift */,
				72F970591D37B9A70020F65C /* MonitoredCircleRegionTableViewCell.swift */,
				72F9705B1D3913F90020F65C /* VisitMonitoringViewController.swift */,
			);
			name = RxLocationManagerDemo;
			path = /Users/haoyu/Dev/rxlocationmanager/RxLocationManagerDemo;
			sourceTree = "<absolute>";
		};
/* End PBXGroup section */

/* Begin PBXHeadersBuildPhase section */
		72B335DC1D2BEE9E0002FB39 /* Headers */ = {
			isa = PBXHeadersBuildPhase;
			buildActionMask = 2147483647;
			files = (
			);
			runOnlyForDeploymentPostprocessing = 0;
		};
		72B335EC1D2BF2960002FB39 /* Headers */ = {
			isa = PBXHeadersBuildPhase;
			buildActionMask = 2147483647;
			files = (
			);
			runOnlyForDeploymentPostprocessing = 0;
		};
		72F9705F1D39363B0020F65C /* Headers */ = {
			isa = PBXHeadersBuildPhase;
			buildActionMask = 2147483647;
			files = (
			);
			runOnlyForDeploymentPostprocessing = 0;
		};
/* End PBXHeadersBuildPhase section */

/* Begin PBXNativeTarget section */
		72B335DE1D2BEE9E0002FB39 /* RxLocationManager iOS */ = {
			isa = PBXNativeTarget;
			buildConfigurationList = 72B335E71D2BEE9E0002FB39 /* Build configuration list for PBXNativeTarget "RxLocationManager iOS" */;
			buildPhases = (
				72B335DA1D2BEE9E0002FB39 /* Sources */,
				72B335DB1D2BEE9E0002FB39 /* Frameworks */,
				72B335DC1D2BEE9E0002FB39 /* Headers */,
				72B335DD1D2BEE9E0002FB39 /* Resources */,
			);
			buildRules = (
			);
			dependencies = (
			);
			name = "RxLocationManager iOS";
			productName = RxLocationManager;
			productReference = 72B335DF1D2BEE9E0002FB39 /* RxLocationManager.framework */;
			productType = "com.apple.product-type.framework";
		};
		72B335EE1D2BF2960002FB39 /* RxLocationManager watchOS */ = {
			isa = PBXNativeTarget;
			buildConfigurationList = 72B335F61D2BF2960002FB39 /* Build configuration list for PBXNativeTarget "RxLocationManager watchOS" */;
			buildPhases = (
				72B335EA1D2BF2960002FB39 /* Sources */,
				72B335EB1D2BF2960002FB39 /* Frameworks */,
				72B335EC1D2BF2960002FB39 /* Headers */,
				72B335ED1D2BF2960002FB39 /* Resources */,
			);
			buildRules = (
			);
			dependencies = (
			);
			name = "RxLocationManager watchOS";
			productName = "RxLocationManager watchOS";
			productReference = 72B335EF1D2BF2960002FB39 /* RxLocationManager.framework */;
			productType = "com.apple.product-type.framework";
		};
		72F970611D39363B0020F65C /* RxLocationManager macOS */ = {
			isa = PBXNativeTarget;
			buildConfigurationList = 72F970671D39363B0020F65C /* Build configuration list for PBXNativeTarget "RxLocationManager macOS" */;
			buildPhases = (
				72F9705D1D39363B0020F65C /* Sources */,
				72F9705E1D39363B0020F65C /* Frameworks */,
				72F9705F1D39363B0020F65C /* Headers */,
				72F970601D39363B0020F65C /* Resources */,
			);
			buildRules = (
			);
			dependencies = (
			);
			name = "RxLocationManager macOS";
			productName = "RxLocationManager OSX";
			productReference = 72F970621D39363B0020F65C /* RxLocationManager.framework */;
			productType = "com.apple.product-type.framework";
		};
		72FC15881D3256640051FB39 /* RxLocationManagerDemo */ = {
			isa = PBXNativeTarget;
			buildConfigurationList = 72FC15981D3256650051FB39 /* Build configuration list for PBXNativeTarget "RxLocationManagerDemo" */;
			buildPhases = (
				72FC15851D3256640051FB39 /* Sources */,
				72FC15861D3256640051FB39 /* Frameworks */,
				72FC15871D3256640051FB39 /* Resources */,
			);
			buildRules = (
			);
			dependencies = (
				72F970B81D3951750020F65C /* PBXTargetDependency */,
			);
			name = RxLocationManagerDemo;
			productName = RxLocationManagerDemo;
			productReference = 72FC15891D3256640051FB39 /* RxLocationManagerDemo.app */;
			productType = "com.apple.product-type.application";
		};
/* End PBXNativeTarget section */

/* Begin PBXProject section */
		72B335D61D2BEE9E0002FB39 /* Project object */ = {
			isa = PBXProject;
			attributes = {
				LastSwiftUpdateCheck = 0730;
				LastUpgradeCheck = 0730;
				ORGANIZATIONNAME = GFWGTH;
				TargetAttributes = {
					72B335DE1D2BEE9E0002FB39 = {
						CreatedOnToolsVersion = 7.3.1;
					};
					72B335EE1D2BF2960002FB39 = {
						CreatedOnToolsVersion = 7.3.1;
					};
					72F970611D39363B0020F65C = {
						CreatedOnToolsVersion = 7.3;
					};
					72FC15881D3256640051FB39 = {
						CreatedOnToolsVersion = 7.3;
					};
				};
			};
			buildConfigurationList = 72B335D91D2BEE9E0002FB39 /* Build configuration list for PBXProject "RxLocationManager" */;
			compatibilityVersion = "Xcode 3.2";
			developmentRegion = English;
			hasScannedForEncodings = 0;
			knownRegions = (
				en,
				Base,
			);
			mainGroup = 72B335D51D2BEE9E0002FB39;
			productRefGroup = 72B335E01D2BEE9E0002FB39 /* Products */;
			projectDirPath = "";
			projectRoot = "";
			targets = (
				72B335DE1D2BEE9E0002FB39 /* RxLocationManager iOS */,
				72F970611D39363B0020F65C /* RxLocationManager macOS */,
				72B335EE1D2BF2960002FB39 /* RxLocationManager watchOS */,
				72FC15881D3256640051FB39 /* RxLocationManagerDemo */,
			);
		};
/* End PBXProject section */

/* Begin PBXResourcesBuildPhase section */
		72B335DD1D2BEE9E0002FB39 /* Resources */ = {
			isa = PBXResourcesBuildPhase;
			buildActionMask = 2147483647;
			files = (
			);
			runOnlyForDeploymentPostprocessing = 0;
		};
		72B335ED1D2BF2960002FB39 /* Resources */ = {
			isa = PBXResourcesBuildPhase;
			buildActionMask = 2147483647;
			files = (
			);
			runOnlyForDeploymentPostprocessing = 0;
		};
		72F970601D39363B0020F65C /* Resources */ = {
			isa = PBXResourcesBuildPhase;
			buildActionMask = 2147483647;
			files = (
			);
			runOnlyForDeploymentPostprocessing = 0;
		};
		72FC15871D3256640051FB39 /* Resources */ = {
			isa = PBXResourcesBuildPhase;
			buildActionMask = 2147483647;
			files = (
				72F970861D3946450020F65C /* Info-iOS.plist in Resources */,
				72FC15961D3256650051FB39 /* LaunchScreen.storyboard in Resources */,
				72FC15931D3256650051FB39 /* Assets.xcassets in Resources */,
				72FC15911D3256650051FB39 /* Main.storyboard in Resources */,
				72F970A21D394A3A0020F65C /* Info-macOS.plist in Resources */,
			);
			runOnlyForDeploymentPostprocessing = 0;
		};
/* End PBXResourcesBuildPhase section */

/* Begin PBXSourcesBuildPhase section */
		72B335DA1D2BEE9E0002FB39 /* Sources */ = {
			isa = PBXSourcesBuildPhase;
			buildActionMask = 2147483647;
			files = (
				72F9708C1D3946620020F65C /* BeaconRangingService.swift in Sources */,
				72F9708D1D3946620020F65C /* Bridge.swift in Sources */,
				72F9708E1D3946620020F65C /* HeadingUpdateService.swift in Sources */,
				72F9708F1D3946620020F65C /* MonitoringVisitsService.swift in Sources */,
				72F970901D3946620020F65C /* RegionMonitoringService.swift in Sources */,
				72F970921D3946620020F65C /* RxLocationManager.swift in Sources */,
				72F970931D3946620020F65C /* SignificantLocationUpdateService.swift in Sources */,
				72F970941D3946620020F65C /* StandardLocationService.swift in Sources */,
				724DF72F1D2D5A1C0024AB3C /* nextId.swift in Sources */,
			);
			runOnlyForDeploymentPostprocessing = 0;
		};
		72B335EA1D2BF2960002FB39 /* Sources */ = {
			isa = PBXSourcesBuildPhase;
			buildActionMask = 2147483647;
			files = (
				724DF7301D2D5A1C0024AB3C /* nextId.swift in Sources */,
				729F25831D39FDF800D835B6 /* Bridge.swift in Sources */,
				729F25881D39FDF900D835B6 /* RxLocationManager.swift in Sources */,
				729F258A1D39FDF900D835B6 /* StandardLocationService.swift in Sources */,
			);
			runOnlyForDeploymentPostprocessing = 0;
		};
		72F9705D1D39363B0020F65C /* Sources */ = {
			isa = PBXSourcesBuildPhase;
			buildActionMask = 2147483647;
			files = (
				72F970A81D394C5D0020F65C /* Bridge.swift in Sources */,
				72F970AB1D394C5D0020F65C /* RegionMonitoringService.swift in Sources */,
				72F970AC1D394C5D0020F65C /* RxLocationManager.swift in Sources */,
				72F970AD1D394C5D0020F65C /* SignificantLocationUpdateService.swift in Sources */,
				72F970AE1D394C5D0020F65C /* StandardLocationService.swift in Sources */,
				72F9706A1D3936F50020F65C /* nextId.swift in Sources */,
			);
			runOnlyForDeploymentPostprocessing = 0;
		};
		72FC15851D3256640051FB39 /* Sources */ = {
			isa = PBXSourcesBuildPhase;
			buildActionMask = 2147483647;
			files = (
				72F970AF1D3951570020F65C /* AppDelegate.swift in Sources */,
				72F970B01D3951570020F65C /* RootViewController.swift in Sources */,
				72F970B11D3951570020F65C /* StandardLocationServiceViewController.swift in Sources */,
				72F970B21D3951570020F65C /* SignificantLocationUpdateViewController.swift in Sources */,
				72F970B31D3951570020F65C /* HeadingUpdateServiceViewController.swift in Sources */,
				72F970B41D3951570020F65C /* RegionMonitoringServiceViewController.swift in Sources */,
				72F970B51D3951570020F65C /* MonitoredCircleRegionTableViewCell.swift in Sources */,
				72F970B61D3951570020F65C /* VisitMonitoringViewController.swift in Sources */,
			);
			runOnlyForDeploymentPostprocessing = 0;
		};
/* End PBXSourcesBuildPhase section */

/* Begin PBXTargetDependency section */
		72F970B81D3951750020F65C /* PBXTargetDependency */ = {
			isa = PBXTargetDependency;
			target = 72B335DE1D2BEE9E0002FB39 /* RxLocationManager iOS */;
			targetProxy = 72F970B71D3951750020F65C /* PBXContainerItemProxy */;
		};
/* End PBXTargetDependency section */

/* Begin PBXVariantGroup section */
		72FC158F1D3256650051FB39 /* Main.storyboard */ = {
			isa = PBXVariantGroup;
			children = (
				72FC15901D3256650051FB39 /* Base */,
			);
			name = Main.storyboard;
			sourceTree = "<group>";
		};
		72FC15941D3256650051FB39 /* LaunchScreen.storyboard */ = {
			isa = PBXVariantGroup;
			children = (
				72FC15951D3256650051FB39 /* Base */,
			);
			name = LaunchScreen.storyboard;
			sourceTree = "<group>";
		};
/* End PBXVariantGroup section */

/* Begin XCBuildConfiguration section */
		72B335E51D2BEE9E0002FB39 /* Debug */ = {
			isa = XCBuildConfiguration;
			buildSettings = {
				ALWAYS_SEARCH_USER_PATHS = NO;
				CLANG_ANALYZER_NONNULL = YES;
				CLANG_CXX_LANGUAGE_STANDARD = "gnu++0x";
				CLANG_CXX_LIBRARY = "libc++";
				CLANG_ENABLE_MODULES = YES;
				CLANG_ENABLE_OBJC_ARC = YES;
				CLANG_WARN_BOOL_CONVERSION = YES;
				CLANG_WARN_CONSTANT_CONVERSION = YES;
				CLANG_WARN_DIRECT_OBJC_ISA_USAGE = YES_ERROR;
				CLANG_WARN_EMPTY_BODY = YES;
				CLANG_WARN_ENUM_CONVERSION = YES;
				CLANG_WARN_INT_CONVERSION = YES;
				CLANG_WARN_OBJC_ROOT_CLASS = YES_ERROR;
				CLANG_WARN_UNREACHABLE_CODE = YES;
				CLANG_WARN__DUPLICATE_METHOD_MATCH = YES;
				"CODE_SIGN_IDENTITY[sdk=iphoneos*]" = "iPhone Developer";
				COPY_PHASE_STRIP = NO;
				CURRENT_PROJECT_VERSION = 1;
				DEBUG_INFORMATION_FORMAT = dwarf;
				ENABLE_STRICT_OBJC_MSGSEND = YES;
				ENABLE_TESTABILITY = YES;
				GCC_C_LANGUAGE_STANDARD = gnu99;
				GCC_DYNAMIC_NO_PIC = NO;
				GCC_NO_COMMON_BLOCKS = YES;
				GCC_OPTIMIZATION_LEVEL = 0;
				GCC_PREPROCESSOR_DEFINITIONS = (
					"DEBUG=1",
					"$(inherited)",
				);
				GCC_WARN_64_TO_32_BIT_CONVERSION = YES;
				GCC_WARN_ABOUT_RETURN_TYPE = YES_ERROR;
				GCC_WARN_UNDECLARED_SELECTOR = YES;
				GCC_WARN_UNINITIALIZED_AUTOS = YES_AGGRESSIVE;
				GCC_WARN_UNUSED_FUNCTION = YES;
				GCC_WARN_UNUSED_VARIABLE = YES;
				IPHONEOS_DEPLOYMENT_TARGET = 8.0;
				MTL_ENABLE_DEBUG_INFO = YES;
				ONLY_ACTIVE_ARCH = YES;
				SDKROOT = iphoneos;
				SWIFT_OPTIMIZATION_LEVEL = "-Onone";
				TARGETED_DEVICE_FAMILY = "1,2";
				VERSIONING_SYSTEM = "apple-generic";
				VERSION_INFO_PREFIX = "";
			};
			name = Debug;
		};
		72B335E61D2BEE9E0002FB39 /* Release */ = {
			isa = XCBuildConfiguration;
			buildSettings = {
				ALWAYS_SEARCH_USER_PATHS = NO;
				CLANG_ANALYZER_NONNULL = YES;
				CLANG_CXX_LANGUAGE_STANDARD = "gnu++0x";
				CLANG_CXX_LIBRARY = "libc++";
				CLANG_ENABLE_MODULES = YES;
				CLANG_ENABLE_OBJC_ARC = YES;
				CLANG_WARN_BOOL_CONVERSION = YES;
				CLANG_WARN_CONSTANT_CONVERSION = YES;
				CLANG_WARN_DIRECT_OBJC_ISA_USAGE = YES_ERROR;
				CLANG_WARN_EMPTY_BODY = YES;
				CLANG_WARN_ENUM_CONVERSION = YES;
				CLANG_WARN_INT_CONVERSION = YES;
				CLANG_WARN_OBJC_ROOT_CLASS = YES_ERROR;
				CLANG_WARN_UNREACHABLE_CODE = YES;
				CLANG_WARN__DUPLICATE_METHOD_MATCH = YES;
				"CODE_SIGN_IDENTITY[sdk=iphoneos*]" = "iPhone Developer";
				COPY_PHASE_STRIP = NO;
				CURRENT_PROJECT_VERSION = 1;
				DEBUG_INFORMATION_FORMAT = "dwarf-with-dsym";
				ENABLE_NS_ASSERTIONS = NO;
				ENABLE_STRICT_OBJC_MSGSEND = YES;
				GCC_C_LANGUAGE_STANDARD = gnu99;
				GCC_NO_COMMON_BLOCKS = YES;
				GCC_WARN_64_TO_32_BIT_CONVERSION = YES;
				GCC_WARN_ABOUT_RETURN_TYPE = YES_ERROR;
				GCC_WARN_UNDECLARED_SELECTOR = YES;
				GCC_WARN_UNINITIALIZED_AUTOS = YES_AGGRESSIVE;
				GCC_WARN_UNUSED_FUNCTION = YES;
				GCC_WARN_UNUSED_VARIABLE = YES;
				IPHONEOS_DEPLOYMENT_TARGET = 8.0;
				MTL_ENABLE_DEBUG_INFO = NO;
				SDKROOT = iphoneos;
				TARGETED_DEVICE_FAMILY = "1,2";
				VALIDATE_PRODUCT = YES;
				VERSIONING_SYSTEM = "apple-generic";
				VERSION_INFO_PREFIX = "";
			};
			name = Release;
		};
		72B335E81D2BEE9E0002FB39 /* Debug */ = {
			isa = XCBuildConfiguration;
			buildSettings = {
				APPLICATION_EXTENSION_API_ONLY = YES;
				CLANG_ENABLE_MODULES = YES;
				DEFINES_MODULE = YES;
				DYLIB_COMPATIBILITY_VERSION = 1;
				DYLIB_CURRENT_VERSION = 1;
				DYLIB_INSTALL_NAME_BASE = "@rpath";
				FRAMEWORK_SEARCH_PATHS = (
					"$(inherited)",
					"$(PROJECT_DIR)/Carthage/Checkouts/RxSwift/build/Debug-iphoneos",
				);
				INFOPLIST_FILE = "Sources/iOS/Info-iOS.plist";
				INSTALL_PATH = "$(LOCAL_LIBRARY_DIR)/Frameworks";
				LD_RUNPATH_SEARCH_PATHS = "$(inherited) @executable_path/Frameworks @loader_path/Frameworks";
				PRODUCT_BUNDLE_IDENTIFIER = com.gfwgth.RxLocationManager;
				PRODUCT_NAME = RxLocationManager;
				SKIP_INSTALL = YES;
				SWIFT_OPTIMIZATION_LEVEL = "-Onone";
			};
			name = Debug;
		};
		72B335E91D2BEE9E0002FB39 /* Release */ = {
			isa = XCBuildConfiguration;
			buildSettings = {
				APPLICATION_EXTENSION_API_ONLY = YES;
				CLANG_ENABLE_MODULES = YES;
				DEFINES_MODULE = YES;
				DYLIB_COMPATIBILITY_VERSION = 1;
				DYLIB_CURRENT_VERSION = 1;
				DYLIB_INSTALL_NAME_BASE = "@rpath";
				FRAMEWORK_SEARCH_PATHS = (
					"$(inherited)",
					"$(PROJECT_DIR)/Carthage/Checkouts/RxSwift/build/Debug-iphoneos",
				);
				INFOPLIST_FILE = "Sources/iOS/Info-iOS.plist";
				INSTALL_PATH = "$(LOCAL_LIBRARY_DIR)/Frameworks";
				LD_RUNPATH_SEARCH_PATHS = "$(inherited) @executable_path/Frameworks @loader_path/Frameworks";
				PRODUCT_BUNDLE_IDENTIFIER = com.gfwgth.RxLocationManager;
				PRODUCT_NAME = RxLocationManager;
				SKIP_INSTALL = YES;
			};
			name = Release;
		};
		72B335F41D2BF2960002FB39 /* Debug */ = {
			isa = XCBuildConfiguration;
			buildSettings = {
				APPLICATION_EXTENSION_API_ONLY = YES;
				DEFINES_MODULE = YES;
				DYLIB_COMPATIBILITY_VERSION = 1;
				DYLIB_CURRENT_VERSION = 1;
				DYLIB_INSTALL_NAME_BASE = "@rpath";
				INFOPLIST_FILE = "Sources/watchOS/Info-watchOS.plist";
				INSTALL_PATH = "$(LOCAL_LIBRARY_DIR)/Frameworks";
				LD_RUNPATH_SEARCH_PATHS = "$(inherited) @executable_path/Frameworks @loader_path/Frameworks";
				PRODUCT_BUNDLE_IDENTIFIER = com.gfwgth.RxLocationManager;
				PRODUCT_NAME = RxLocationManager;
				SDKROOT = watchos;
				SKIP_INSTALL = YES;
				TARGETED_DEVICE_FAMILY = 4;
				WATCHOS_DEPLOYMENT_TARGET = 2.0;
			};
			name = Debug;
		};
		72B335F51D2BF2960002FB39 /* Release */ = {
			isa = XCBuildConfiguration;
			buildSettings = {
				APPLICATION_EXTENSION_API_ONLY = YES;
				DEFINES_MODULE = YES;
				DYLIB_COMPATIBILITY_VERSION = 1;
				DYLIB_CURRENT_VERSION = 1;
				DYLIB_INSTALL_NAME_BASE = "@rpath";
				INFOPLIST_FILE = "Sources/watchOS/Info-watchOS.plist";
				INSTALL_PATH = "$(LOCAL_LIBRARY_DIR)/Frameworks";
				LD_RUNPATH_SEARCH_PATHS = "$(inherited) @executable_path/Frameworks @loader_path/Frameworks";
				PRODUCT_BUNDLE_IDENTIFIER = com.gfwgth.RxLocationManager;
				PRODUCT_NAME = RxLocationManager;
				SDKROOT = watchos;
				SKIP_INSTALL = YES;
				TARGETED_DEVICE_FAMILY = 4;
				WATCHOS_DEPLOYMENT_TARGET = 2.0;
			};
			name = Release;
		};
		72F970681D39363B0020F65C /* Debug */ = {
			isa = XCBuildConfiguration;
			buildSettings = {
				CODE_SIGN_IDENTITY = "-";
				COMBINE_HIDPI_IMAGES = YES;
				DEFINES_MODULE = YES;
				DYLIB_COMPATIBILITY_VERSION = 1;
				DYLIB_CURRENT_VERSION = 1;
				DYLIB_INSTALL_NAME_BASE = "@rpath";
				FRAMEWORK_SEARCH_PATHS = (
					"$(inherited)",
					"$(PROJECT_DIR)/Carthage/Checkouts/RxSwift/build/Debug",
				);
				FRAMEWORK_VERSION = A;
				INFOPLIST_FILE = "Sources/macOS/Info-macOS.plist";
				INSTALL_PATH = "$(LOCAL_LIBRARY_DIR)/Frameworks";
				LD_RUNPATH_SEARCH_PATHS = "$(inherited) @executable_path/../Frameworks @loader_path/Frameworks";
				MACOSX_DEPLOYMENT_TARGET = 10.10;
				PRODUCT_BUNDLE_IDENTIFIER = com.gfwgotohell.RxLocationManager;
				PRODUCT_NAME = RxLocationManager;
				SDKROOT = macosx;
				SKIP_INSTALL = YES;
			};
			name = Debug;
		};
		72F970691D39363B0020F65C /* Release */ = {
			isa = XCBuildConfiguration;
			buildSettings = {
				CODE_SIGN_IDENTITY = "-";
				COMBINE_HIDPI_IMAGES = YES;
				DEFINES_MODULE = YES;
				DYLIB_COMPATIBILITY_VERSION = 1;
				DYLIB_CURRENT_VERSION = 1;
				DYLIB_INSTALL_NAME_BASE = "@rpath";
				FRAMEWORK_SEARCH_PATHS = (
					"$(inherited)",
					"$(PROJECT_DIR)/Carthage/Checkouts/RxSwift/build/Debug",
				);
				FRAMEWORK_VERSION = A;
				INFOPLIST_FILE = "Sources/macOS/Info-macOS.plist";
				INSTALL_PATH = "$(LOCAL_LIBRARY_DIR)/Frameworks";
				LD_RUNPATH_SEARCH_PATHS = "$(inherited) @executable_path/../Frameworks @loader_path/Frameworks";
				MACOSX_DEPLOYMENT_TARGET = 10.10;
				PRODUCT_BUNDLE_IDENTIFIER = com.gfwgotohell.RxLocationManager;
				PRODUCT_NAME = RxLocationManager;
				SDKROOT = macosx;
				SKIP_INSTALL = YES;
			};
			name = Release;
		};
		72FC15991D3256650051FB39 /* Debug */ = {
			isa = XCBuildConfiguration;
			buildSettings = {
				ASSETCATALOG_COMPILER_APPICON_NAME = AppIcon;
				INFOPLIST_FILE = RxLocationManagerDemo/Info.plist;
				IPHONEOS_DEPLOYMENT_TARGET = 9.3;
				LD_RUNPATH_SEARCH_PATHS = "$(inherited) @executable_path/Frameworks";
				PRODUCT_BUNDLE_IDENTIFIER = com.gfwgotohell.RxLocationManagerDemo;
				PRODUCT_NAME = "$(TARGET_NAME)";
			};
			name = Debug;
		};
		72FC159A1D3256650051FB39 /* Release */ = {
			isa = XCBuildConfiguration;
			buildSettings = {
				ASSETCATALOG_COMPILER_APPICON_NAME = AppIcon;
				INFOPLIST_FILE = RxLocationManagerDemo/Info.plist;
				IPHONEOS_DEPLOYMENT_TARGET = 9.3;
				LD_RUNPATH_SEARCH_PATHS = "$(inherited) @executable_path/Frameworks";
				PRODUCT_BUNDLE_IDENTIFIER = com.gfwgotohell.RxLocationManagerDemo;
				PRODUCT_NAME = "$(TARGET_NAME)";
			};
			name = Release;
		};
/* End XCBuildConfiguration section */

/* Begin XCConfigurationList section */
		72B335D91D2BEE9E0002FB39 /* Build configuration list for PBXProject "RxLocationManager" */ = {
			isa = XCConfigurationList;
			buildConfigurations = (
				72B335E51D2BEE9E0002FB39 /* Debug */,
				72B335E61D2BEE9E0002FB39 /* Release */,
			);
			defaultConfigurationIsVisible = 0;
			defaultConfigurationName = Release;
		};
		72B335E71D2BEE9E0002FB39 /* Build configuration list for PBXNativeTarget "RxLocationManager iOS" */ = {
			isa = XCConfigurationList;
			buildConfigurations = (
				72B335E81D2BEE9E0002FB39 /* Debug */,
				72B335E91D2BEE9E0002FB39 /* Release */,
			);
			defaultConfigurationIsVisible = 0;
			defaultConfigurationName = Release;
		};
		72B335F61D2BF2960002FB39 /* Build configuration list for PBXNativeTarget "RxLocationManager watchOS" */ = {
			isa = XCConfigurationList;
			buildConfigurations = (
				72B335F41D2BF2960002FB39 /* Debug */,
				72B335F51D2BF2960002FB39 /* Release */,
			);
			defaultConfigurationIsVisible = 0;
			defaultConfigurationName = Release;
		};
		72F970671D39363B0020F65C /* Build configuration list for PBXNativeTarget "RxLocationManager macOS" */ = {
			isa = XCConfigurationList;
			buildConfigurations = (
				72F970681D39363B0020F65C /* Debug */,
				72F970691D39363B0020F65C /* Release */,
			);
			defaultConfigurationIsVisible = 0;
			defaultConfigurationName = Release;
		};
		72FC15981D3256650051FB39 /* Build configuration list for PBXNativeTarget "RxLocationManagerDemo" */ = {
			isa = XCConfigurationList;
			buildConfigurations = (
				72FC15991D3256650051FB39 /* Debug */,
				72FC159A1D3256650051FB39 /* Release */,
			);
			defaultConfigurationIsVisible = 0;
			defaultConfigurationName = Release;
		};
/* End XCConfigurationList section */
	};
	rootObject = 72B335D61D2BEE9E0002FB39 /* Project object */;
}
